
Microsoft Visual Studio Solution File, Format Version 10.00
# Visual C# Express 2008
Project("{FAE04EC0-301F-11D3-BF4B-00C04F79EFBC}") = "KeyspaceClient", "KeyspaceClient\KeyspaceClient.csproj", "{EE1009F6-8E67-495B-A358-96D8673315B8}"
EndProject
Project("{FAE04EC0-301F-11D3-BF4B-00C04F79EFBC}") = "KeyspaceClientTest", "KeyspaceClientTest\KeyspaceClientTest.csproj", "{51A04E37-82BF-4B02-8683-F27569312A79}"
	ProjectSection(ProjectDependencies) = postProject
		{EE1009F6-8E67-495B-A358-96D8673315B8} = {EE1009F6-8E67-495B-A358-96D8673315B8}
	EndProjectSection
EndProject
Global
	GlobalSection(SolutionConfigurationPlatforms) = preSolution
		Debug|Any CPU = Debug|Any CPU
		Release|Any CPU = Release|Any CPU
	EndGlobalSection
	GlobalSection(ProjectConfigurationPlatforms) = postSolution
		{EE1009F6-8E67-495B-A358-96D8673315B8}.Debug|Any CPU.ActiveCfg = Debug|Any CPU
		{EE1009F6-8E67-495B-A358-96D8673315B8}.Debug|Any CPU.Build.0 = Debug|Any CPU
		{EE1009F6-8E67-495B-A358-96D8673315B8}.Release|Any CPU.ActiveCfg = Release|Any CPU
		{EE1009F6-8E67-495B-A358-96D8673315B8}.Release|Any CPU.Build.0 = Release|Any CPU
		{51A04E37-82BF-4B02-8683-F27569312A79}.Debug|Any CPU.ActiveCfg = Debug|Any CPU
		{51A04E37-82BF-4B02-8683-F27569312A79}.Debug|Any CPU.Build.0 = Debug|Any CPU
		{51A04E37-82BF-4B02-8683-F27569312A79}.Release|Any CPU.ActiveCfg = Release|Any CPU
		{51A04E37-82BF-4B02-8683-F27569312A79}.Release|Any CPU.Build.0 = Release|Any CPU
	EndGlobalSection
	GlobalSection(SolutionProperties) = preSolution
		HideSolutionNode = FALSE
	EndGlobalSection
EndGlobal
