// !$*UTF8*$!
{
	archiveVersion = 1;
	classes = {
	};
	objectVersion = 44;
	objects = {

/* Begin PBXBuildFile section */
		5406777E0F3C48FD00E80088 /* TestDB.cpp in Sources */ = {isa = PBXBuildFile; fileRef = 5406777C0F3C48FD00E80088 /* TestDB.cpp */; };
		5421D00F0F573DD7004BBDB4 /* KeyspaceDB.cpp in Sources */ = {isa = PBXBuildFile; fileRef = 5421D00E0F573DD7004BBDB4 /* KeyspaceDB.cpp */; };
		5421D14A0F5C5ED9004BBDB4 /* PaxosProposer.cpp in Sources */ = {isa = PBXBuildFile; fileRef = 5421D1490F5C5ED9004BBDB4 /* PaxosProposer.cpp */; };
		5421D14E0F5C5F1B004BBDB4 /* PaxosAcceptor.cpp in Sources */ = {isa = PBXBuildFile; fileRef = 5421D14D0F5C5F1B004BBDB4 /* PaxosAcceptor.cpp */; };
		5421D3880F5EAD7F004BBDB4 /* PLeaseMsg.cpp in Sources */ = {isa = PBXBuildFile; fileRef = 5421D3870F5EAD7F004BBDB4 /* PLeaseMsg.cpp */; };
		5421D38C0F5EADB2004BBDB4 /* PLeaseProposer.cpp in Sources */ = {isa = PBXBuildFile; fileRef = 5421D38B0F5EADB2004BBDB4 /* PLeaseProposer.cpp */; };
		5421D38F0F5EADBE004BBDB4 /* PLeaseAcceptor.cpp in Sources */ = {isa = PBXBuildFile; fileRef = 5421D38E0F5EADBE004BBDB4 /* PLeaseAcceptor.cpp */; };
		5421D56B0F61DB32004BBDB4 /* PLeaseLearner.cpp in Sources */ = {isa = PBXBuildFile; fileRef = 5421D56A0F61DB32004BBDB4 /* PLeaseLearner.cpp */; };
		5421D5AB0F61DE2A004BBDB4 /* PaxosLease.cpp in Sources */ = {isa = PBXBuildFile; fileRef = 5421D5AA0F61DE2A004BBDB4 /* PaxosLease.cpp */; };
		5421D81D0F6424CE004BBDB4 /* PaxosLearner.cpp in Sources */ = {isa = PBXBuildFile; fileRef = 5421D81C0F6424CE004BBDB4 /* PaxosLearner.cpp */; };
		5421DCD00F648B86004BBDB4 /* HttpConn.cpp in Sources */ = {isa = PBXBuildFile; fileRef = 5421DCC10F648B86004BBDB4 /* HttpConn.cpp */; };
		5421DCD10F648B86004BBDB4 /* HttpRequest.cpp in Sources */ = {isa = PBXBuildFile; fileRef = 5421DCC30F648B86004BBDB4 /* HttpRequest.cpp */; };
		5421DCD20F648B86004BBDB4 /* HttpServer.cpp in Sources */ = {isa = PBXBuildFile; fileRef = 5421DCC50F648B86004BBDB4 /* HttpServer.cpp */; };
		5421DCD30F648B86004BBDB4 /* IMF.cpp in Sources */ = {isa = PBXBuildFile; fileRef = 5421DCC70F648B86004BBDB4 /* IMF.cpp */; };
		5421DCD40F648B86004BBDB4 /* MemcacheConn.cpp in Sources */ = {isa = PBXBuildFile; fileRef = 5421DCC90F648B86004BBDB4 /* MemcacheConn.cpp */; };
		5421DCD50F648B86004BBDB4 /* MemcacheServer.cpp in Sources */ = {isa = PBXBuildFile; fileRef = 5421DCCB0F648B86004BBDB4 /* MemcacheServer.cpp */; };
		5421E1060F68121B004BBDB4 /* ReplicatedLogMsg.cpp in Sources */ = {isa = PBXBuildFile; fileRef = 5421E1050F68121B004BBDB4 /* ReplicatedLogMsg.cpp */; };
		5421E3600F6C13CC004BBDB4 /* TransportTCPReader.cpp in Sources */ = {isa = PBXBuildFile; fileRef = 5421E35F0F6C13CC004BBDB4 /* TransportTCPReader.cpp */; };
		5421E3F30F6C1E50004BBDB4 /* TCPServer.cpp in Sources */ = {isa = PBXBuildFile; fileRef = 9A62050A0F6C1789009576A1 /* TCPServer.cpp */; };
		5421E61D0F6C3F98004BBDB4 /* TransportUDPReader.cpp in Sources */ = {isa = PBXBuildFile; fileRef = 5421E61C0F6C3F98004BBDB4 /* TransportUDPReader.cpp */; };
		5421E7E20F6D2E84004BBDB4 /* TransportUDPWriter.cpp in Sources */ = {isa = PBXBuildFile; fileRef = 9A62072E0F6C3FE2009576A1 /* TransportUDPWriter.cpp */; };
		5421EA7B0F6DA0D8004BBDB4 /* TransportTCPWriter.cpp in Sources */ = {isa = PBXBuildFile; fileRef = 9A6206230F6C30A3009576A1 /* TransportTCPWriter.cpp */; };
		54460CEF0F519A4800EFBBDE /* AsyncDatabase.cpp in Sources */ = {isa = PBXBuildFile; fileRef = 9A22A3FC0F40AD59002648C6 /* AsyncDatabase.cpp */; };
		54460CF10F519A8000EFBBDE /* ThreadPool.cpp in Sources */ = {isa = PBXBuildFile; fileRef = 9A89F5870F3F444C0041D4A1 /* ThreadPool.cpp */; };
		54460CF20F519A8900EFBBDE /* MultiDatabaseOp.cpp in Sources */ = {isa = PBXBuildFile; fileRef = 9A22A4F40F518FFB002648C6 /* MultiDatabaseOp.cpp */; };
		54460CF40F519A9200EFBBDE /* Table.cpp in Sources */ = {isa = PBXBuildFile; fileRef = 548147180F31B6B200F3D2B6 /* Table.cpp */; };
		54460CF50F519A9700EFBBDE /* Transaction.cpp in Sources */ = {isa = PBXBuildFile; fileRef = 54814BFF0F35084500F3D2B6 /* Transaction.cpp */; };
		54460CF60F519A9F00EFBBDE /* Database.cpp in Sources */ = {isa = PBXBuildFile; fileRef = 548147160F31B6B200F3D2B6 /* Database.cpp */; };
		54460CF80F519AAB00EFBBDE /* libdb_cxx.dylib in Frameworks */ = {isa = PBXBuildFile; fileRef = 548147740F31B8BE00F3D2B6 /* libdb_cxx.dylib */; };
		54460CFA0F519AB600EFBBDE /* IOProcessor_Darwin.cpp in Sources */ = {isa = PBXBuildFile; fileRef = 5481473F0F31B6B200F3D2B6 /* IOProcessor_Darwin.cpp */; };
		54460CFC0F519AC200EFBBDE /* Log.cpp in Sources */ = {isa = PBXBuildFile; fileRef = 548147430F31B6B200F3D2B6 /* Log.cpp */; };
		54460E3A0F51A5C500EFBBDE /* Scheduler.cpp in Sources */ = {isa = PBXBuildFile; fileRef = 548147370F31B6B200F3D2B6 /* Scheduler.cpp */; };
		544611F70F533FAB00EFBBDE /* AsyncDBTest.cpp in Sources */ = {isa = PBXBuildFile; fileRef = 544611EF0F533FAB00EFBBDE /* AsyncDBTest.cpp */; };
		544611FB0F533FAB00EFBBDE /* Test.c in Sources */ = {isa = PBXBuildFile; fileRef = 544611F30F533FAB00EFBBDE /* Test.c */; };
		5449D4520F90B5CE00F95C2F /* KeyspaceServer.cpp in Sources */ = {isa = PBXBuildFile; fileRef = 5449D4510F90B5CE00F95C2F /* KeyspaceServer.cpp */; };
		5449D45B0F90B66000F95C2F /* KeyspaceConn.cpp in Sources */ = {isa = PBXBuildFile; fileRef = 5449D45A0F90B66000F95C2F /* KeyspaceConn.cpp */; };
		545C60590F797BA3006540BC /* KeyspaceMsg.cpp in Sources */ = {isa = PBXBuildFile; fileRef = 545C60580F797BA3006540BC /* KeyspaceMsg.cpp */; };
		545C76740F8F8180006540BC /* KeyspaceClientMsg.cpp in Sources */ = {isa = PBXBuildFile; fileRef = 545C76730F8F8180006540BC /* KeyspaceClientMsg.cpp */; };
		547A75F80F758C3D003084C9 /* CatchupMsg.cpp in Sources */ = {isa = PBXBuildFile; fileRef = 547A75F30F758C3D003084C9 /* CatchupMsg.cpp */; };
		547A75F90F758C3D003084C9 /* CatchupClient.cpp in Sources */ = {isa = PBXBuildFile; fileRef = 547A75F40F758C3D003084C9 /* CatchupClient.cpp */; };
		547A75FA0F758C3D003084C9 /* CatchupServer.cpp in Sources */ = {isa = PBXBuildFile; fileRef = 547A75F50F758C3D003084C9 /* CatchupServer.cpp */; };
		547A76310F765B9C003084C9 /* CatchupConn.cpp in Sources */ = {isa = PBXBuildFile; fileRef = 547A76300F765B9C003084C9 /* CatchupConn.cpp */; };
		547A76600F7680D6003084C9 /* Cursor.cpp in Sources */ = {isa = PBXBuildFile; fileRef = 547A765F0F7680D6003084C9 /* Cursor.cpp */; };
		5481474A0F31B6B200F3D2B6 /* TCPEchoConn.cpp in Sources */ = {isa = PBXBuildFile; fileRef = 548147000F31B6B200F3D2B6 /* TCPEchoConn.cpp */; };
		5481474B0F31B6B200F3D2B6 /* TCPEchoServer.cpp in Sources */ = {isa = PBXBuildFile; fileRef = 548147020F31B6B200F3D2B6 /* TCPEchoServer.cpp */; };
		5481474C0F31B6B200F3D2B6 /* UDPEchoServer.cpp in Sources */ = {isa = PBXBuildFile; fileRef = 548147040F31B6B200F3D2B6 /* UDPEchoServer.cpp */; };
		548147520F31B6B300F3D2B6 /* Database.cpp in Sources */ = {isa = PBXBuildFile; fileRef = 548147160F31B6B200F3D2B6 /* Database.cpp */; };
		548147530F31B6B300F3D2B6 /* Table.cpp in Sources */ = {isa = PBXBuildFile; fileRef = 548147180F31B6B200F3D2B6 /* Table.cpp */; };
		548147560F31B6B300F3D2B6 /* PaxosConfig.cpp in Sources */ = {isa = PBXBuildFile; fileRef = 548147200F31B6B200F3D2B6 /* PaxosConfig.cpp */; };
		548147580F31B6B300F3D2B6 /* PaxosMsg.cpp in Sources */ = {isa = PBXBuildFile; fileRef = 548147240F31B6B200F3D2B6 /* PaxosMsg.cpp */; };
		548147590F31B6B300F3D2B6 /* LogCache.cpp in Sources */ = {isa = PBXBuildFile; fileRef = 548147280F31B6B200F3D2B6 /* LogCache.cpp */; };
		5481475A0F31B6B300F3D2B6 /* ReplicatedLog.cpp in Sources */ = {isa = PBXBuildFile; fileRef = 5481472A0F31B6B200F3D2B6 /* ReplicatedLog.cpp */; };
		5481475B0F31B6B300F3D2B6 /* Main.cpp in Sources */ = {isa = PBXBuildFile; fileRef = 5481472C0F31B6B200F3D2B6 /* Main.cpp */; };
		5481475C0F31B6B300F3D2B6 /* Common.cpp in Sources */ = {isa = PBXBuildFile; fileRef = 5481472F0F31B6B200F3D2B6 /* Common.cpp */; };
		5481475D0F31B6B300F3D2B6 /* Scheduler.cpp in Sources */ = {isa = PBXBuildFile; fileRef = 548147370F31B6B200F3D2B6 /* Scheduler.cpp */; };
		5481475E0F31B6B300F3D2B6 /* Endpoint.cpp in Sources */ = {isa = PBXBuildFile; fileRef = 5481473B0F31B6B200F3D2B6 /* Endpoint.cpp */; };
		5481475F0F31B6B300F3D2B6 /* IOProcessor_Darwin.cpp in Sources */ = {isa = PBXBuildFile; fileRef = 5481473F0F31B6B200F3D2B6 /* IOProcessor_Darwin.cpp */; };
		548147600F31B6B300F3D2B6 /* IOProcessor_Linux.cpp in Sources */ = {isa = PBXBuildFile; fileRef = 548147400F31B6B200F3D2B6 /* IOProcessor_Linux.cpp */; };
		548147610F31B6B300F3D2B6 /* Socket.cpp in Sources */ = {isa = PBXBuildFile; fileRef = 548147410F31B6B200F3D2B6 /* Socket.cpp */; };
		548147620F31B6B300F3D2B6 /* Log.cpp in Sources */ = {isa = PBXBuildFile; fileRef = 548147430F31B6B200F3D2B6 /* Log.cpp */; };
		548147750F31B8BE00F3D2B6 /* libdb_cxx.dylib in Frameworks */ = {isa = PBXBuildFile; fileRef = 548147740F31B8BE00F3D2B6 /* libdb_cxx.dylib */; };
		54814C000F35084500F3D2B6 /* Transaction.cpp in Sources */ = {isa = PBXBuildFile; fileRef = 54814BFF0F35084500F3D2B6 /* Transaction.cpp */; };
		54AFE4690F39B241001EE6B4 /* LogQueue.cpp in Sources */ = {isa = PBXBuildFile; fileRef = 54AFE4680F39B241001EE6B4 /* LogQueue.cpp */; };
		8DD76FB00486AB0100D96B5E /* Keyspace.1 in CopyFiles */ = {isa = PBXBuildFile; fileRef = C6A0FF2C0290799A04C91782 /* Keyspace.1 */; };
		9A05218B0F78633D0066338D /* Common.cpp in Sources */ = {isa = PBXBuildFile; fileRef = 5481472F0F31B6B200F3D2B6 /* Common.cpp */; };
		9A22A3FD0F40AD59002648C6 /* AsyncDatabase.cpp in Sources */ = {isa = PBXBuildFile; fileRef = 9A22A3FC0F40AD59002648C6 /* AsyncDatabase.cpp */; };
		9A22A4F60F518FFB002648C6 /* MultiDatabaseOp.cpp in Sources */ = {isa = PBXBuildFile; fileRef = 9A22A4F40F518FFB002648C6 /* MultiDatabaseOp.cpp */; };
		9A27231C0F5F9BBE00EE25E2 /* TableVisitorTest.cpp in Sources */ = {isa = PBXBuildFile; fileRef = 9A27231B0F5F9BBE00EE25E2 /* TableVisitorTest.cpp */; };
		9A2723220F5F9D7900EE25E2 /* Test.c in Sources */ = {isa = PBXBuildFile; fileRef = 544611F30F533FAB00EFBBDE /* Test.c */; };
		9A2723230F5F9D8900EE25E2 /* Database.cpp in Sources */ = {isa = PBXBuildFile; fileRef = 548147160F31B6B200F3D2B6 /* Database.cpp */; };
		9A2723240F5F9D9F00EE25E2 /* Table.cpp in Sources */ = {isa = PBXBuildFile; fileRef = 548147180F31B6B200F3D2B6 /* Table.cpp */; };
		9A2723270F5F9DB600EE25E2 /* libdb_cxx.dylib in Frameworks */ = {isa = PBXBuildFile; fileRef = 548147740F31B8BE00F3D2B6 /* libdb_cxx.dylib */; };
		9A2724310F654C5400EE25E2 /* Test.agazso.cpp in Sources */ = {isa = PBXBuildFile; fileRef = 9A2724300F654C5400EE25E2 /* Test.agazso.cpp */; };
		9A2724340F654FEA00EE25E2 /* KeyspaceDB.cpp in Sources */ = {isa = PBXBuildFile; fileRef = 5421D00E0F573DD7004BBDB4 /* KeyspaceDB.cpp */; };
		9A2724350F654FF100EE25E2 /* MemcacheServer.cpp in Sources */ = {isa = PBXBuildFile; fileRef = 5421DCCB0F648B86004BBDB4 /* MemcacheServer.cpp */; };
		9A27245E0F6550B300EE25E2 /* HttpConn.cpp in Sources */ = {isa = PBXBuildFile; fileRef = 5421DCC10F648B86004BBDB4 /* HttpConn.cpp */; };
		9A27245F0F6550B300EE25E2 /* HttpRequest.cpp in Sources */ = {isa = PBXBuildFile; fileRef = 5421DCC30F648B86004BBDB4 /* HttpRequest.cpp */; };
		9A2724600F6550B300EE25E2 /* IMF.cpp in Sources */ = {isa = PBXBuildFile; fileRef = 5421DCC70F648B86004BBDB4 /* IMF.cpp */; };
		9A2724630F6550E000EE25E2 /* MemcacheConn.cpp in Sources */ = {isa = PBXBuildFile; fileRef = 5421DCC90F648B86004BBDB4 /* MemcacheConn.cpp */; };
		9A2724640F6550E000EE25E2 /* MultiDatabaseOp.cpp in Sources */ = {isa = PBXBuildFile; fileRef = 9A22A4F40F518FFB002648C6 /* MultiDatabaseOp.cpp */; };
		9A2724650F6550E000EE25E2 /* IOProcessor_Darwin.cpp in Sources */ = {isa = PBXBuildFile; fileRef = 5481473F0F31B6B200F3D2B6 /* IOProcessor_Darwin.cpp */; };
		9A2724660F6550E000EE25E2 /* Socket.cpp in Sources */ = {isa = PBXBuildFile; fileRef = 548147410F31B6B200F3D2B6 /* Socket.cpp */; };
		9A2724680F6550FB00EE25E2 /* Table.cpp in Sources */ = {isa = PBXBuildFile; fileRef = 548147180F31B6B200F3D2B6 /* Table.cpp */; };
		9A2724690F6550FB00EE25E2 /* Transaction.cpp in Sources */ = {isa = PBXBuildFile; fileRef = 54814BFF0F35084500F3D2B6 /* Transaction.cpp */; };
		9A27246A0F6550FB00EE25E2 /* Database.cpp in Sources */ = {isa = PBXBuildFile; fileRef = 548147160F31B6B200F3D2B6 /* Database.cpp */; };
		9A27246C0F65517100EE25E2 /* libdb_cxx.dylib in Frameworks */ = {isa = PBXBuildFile; fileRef = 548147740F31B8BE00F3D2B6 /* libdb_cxx.dylib */; };
		9A27246D0F65517100EE25E2 /* Log.cpp in Sources */ = {isa = PBXBuildFile; fileRef = 548147430F31B6B200F3D2B6 /* Log.cpp */; };
		9A27246F0F6551B100EE25E2 /* AsyncDatabase.cpp in Sources */ = {isa = PBXBuildFile; fileRef = 9A22A3FC0F40AD59002648C6 /* AsyncDatabase.cpp */; };
		9A2724700F6551B100EE25E2 /* Scheduler.cpp in Sources */ = {isa = PBXBuildFile; fileRef = 548147370F31B6B200F3D2B6 /* Scheduler.cpp */; };
		9A2724720F6551C600EE25E2 /* Common.cpp in Sources */ = {isa = PBXBuildFile; fileRef = 5481472F0F31B6B200F3D2B6 /* Common.cpp */; };
		9A2724730F6551C600EE25E2 /* ThreadPool.cpp in Sources */ = {isa = PBXBuildFile; fileRef = 9A89F5870F3F444C0041D4A1 /* ThreadPool.cpp */; };
		9A2724750F6551D100EE25E2 /* HttpServer.cpp in Sources */ = {isa = PBXBuildFile; fileRef = 5421DCC50F648B86004BBDB4 /* HttpServer.cpp */; };
		9A2725AF0F66E45800EE25E2 /* Scheduler.cpp in Sources */ = {isa = PBXBuildFile; fileRef = 548147370F31B6B200F3D2B6 /* Scheduler.cpp */; };
		9A2725B00F66E45800EE25E2 /* IOProcessor_Darwin.cpp in Sources */ = {isa = PBXBuildFile; fileRef = 5481473F0F31B6B200F3D2B6 /* IOProcessor_Darwin.cpp */; };
		9A2725B10F66E45800EE25E2 /* Socket.cpp in Sources */ = {isa = PBXBuildFile; fileRef = 548147410F31B6B200F3D2B6 /* Socket.cpp */; };
		9A2725B20F66E45800EE25E2 /* Log.cpp in Sources */ = {isa = PBXBuildFile; fileRef = 548147430F31B6B200F3D2B6 /* Log.cpp */; };
		9A27267F0F69285400EE25E2 /* Endpoint.cpp in Sources */ = {isa = PBXBuildFile; fileRef = 5481473B0F31B6B200F3D2B6 /* Endpoint.cpp */; };
		9A6204DF0F6C09B0009576A1 /* HubSim.cpp in Sources */ = {isa = PBXBuildFile; fileRef = 9A6204DB0F6C09B0009576A1 /* HubSim.cpp */; };
		9A6204E00F6C09B0009576A1 /* Main.cpp in Sources */ = {isa = PBXBuildFile; fileRef = 9A6204DE0F6C09B0009576A1 /* Main.cpp */; };
		9A62050C0F6C1789009576A1 /* TCPServer.cpp in Sources */ = {isa = PBXBuildFile; fileRef = 9A62050A0F6C1789009576A1 /* TCPServer.cpp */; };
		9A6206240F6C30A3009576A1 /* TransportTCPWriter.cpp in Sources */ = {isa = PBXBuildFile; fileRef = 9A6206230F6C30A3009576A1 /* TransportTCPWriter.cpp */; };
		9A6206290F6C3583009576A1 /* Endpoint.cpp in Sources */ = {isa = PBXBuildFile; fileRef = 5481473B0F31B6B200F3D2B6 /* Endpoint.cpp */; };
		9A89F5880F3F444C0041D4A1 /* ThreadPool.cpp in Sources */ = {isa = PBXBuildFile; fileRef = 9A89F5870F3F444C0041D4A1 /* ThreadPool.cpp */; };
		9ADC984D0F7C00C50025A7AB /* QueueTest.cpp in Sources */ = {isa = PBXBuildFile; fileRef = 9ADC98430F7C004E0025A7AB /* QueueTest.cpp */; };
		9ADC98670F7C01C10025A7AB /* Test.c in Sources */ = {isa = PBXBuildFile; fileRef = 544611F30F533FAB00EFBBDE /* Test.c */; };
		9ADC9A3A0F7E77F60025A7AB /* KeyspaceMsg.cpp in Sources */ = {isa = PBXBuildFile; fileRef = 545C60580F797BA3006540BC /* KeyspaceMsg.cpp */; };
		9ADC9A3B0F7E780D0025A7AB /* CatchupClient.cpp in Sources */ = {isa = PBXBuildFile; fileRef = 547A75F40F758C3D003084C9 /* CatchupClient.cpp */; };
		9ADC9A3D0F7E781C0025A7AB /* ReplicatedLog.cpp in Sources */ = {isa = PBXBuildFile; fileRef = 5481472A0F31B6B200F3D2B6 /* ReplicatedLog.cpp */; };
		9ADC9A3F0F7E789B0025A7AB /* CatchupMsg.cpp in Sources */ = {isa = PBXBuildFile; fileRef = 547A75F30F758C3D003084C9 /* CatchupMsg.cpp */; };
		9ADC9A400F7E789B0025A7AB /* CatchupServer.cpp in Sources */ = {isa = PBXBuildFile; fileRef = 547A75F50F758C3D003084C9 /* CatchupServer.cpp */; };
		9ADC9A410F7E789B0025A7AB /* PaxosLease.cpp in Sources */ = {isa = PBXBuildFile; fileRef = 5421D5AA0F61DE2A004BBDB4 /* PaxosLease.cpp */; };
		9ADC9A420F7E789B0025A7AB /* PaxosConfig.cpp in Sources */ = {isa = PBXBuildFile; fileRef = 548147200F31B6B200F3D2B6 /* PaxosConfig.cpp */; };
		9ADC9A430F7E789B0025A7AB /* PaxosMsg.cpp in Sources */ = {isa = PBXBuildFile; fileRef = 548147240F31B6B200F3D2B6 /* PaxosMsg.cpp */; };
		9ADC9A440F7E789B0025A7AB /* PaxosProposer.cpp in Sources */ = {isa = PBXBuildFile; fileRef = 5421D1490F5C5ED9004BBDB4 /* PaxosProposer.cpp */; };
		9ADC9A450F7E789B0025A7AB /* PaxosAcceptor.cpp in Sources */ = {isa = PBXBuildFile; fileRef = 5421D14D0F5C5F1B004BBDB4 /* PaxosAcceptor.cpp */; };
		9ADC9A460F7E789B0025A7AB /* PaxosLearner.cpp in Sources */ = {isa = PBXBuildFile; fileRef = 5421D81C0F6424CE004BBDB4 /* PaxosLearner.cpp */; };
		9ADC9A470F7E789B0025A7AB /* ReplicatedLogMsg.cpp in Sources */ = {isa = PBXBuildFile; fileRef = 5421E1050F68121B004BBDB4 /* ReplicatedLogMsg.cpp */; };
		9ADC9A480F7E789B0025A7AB /* LogCache.cpp in Sources */ = {isa = PBXBuildFile; fileRef = 548147280F31B6B200F3D2B6 /* LogCache.cpp */; };
		9ADC9A490F7E789B0025A7AB /* LogQueue.cpp in Sources */ = {isa = PBXBuildFile; fileRef = 54AFE4680F39B241001EE6B4 /* LogQueue.cpp */; };
		9ADC9A510F7E78D80025A7AB /* CatchupConn.cpp in Sources */ = {isa = PBXBuildFile; fileRef = 547A76300F765B9C003084C9 /* CatchupConn.cpp */; };
		9ADC9A520F7E78D80025A7AB /* TransportUDPWriter.cpp in Sources */ = {isa = PBXBuildFile; fileRef = 9A62072E0F6C3FE2009576A1 /* TransportUDPWriter.cpp */; };
		9ADC9A530F7E78D80025A7AB /* TransportTCPReader.cpp in Sources */ = {isa = PBXBuildFile; fileRef = 5421E35F0F6C13CC004BBDB4 /* TransportTCPReader.cpp */; };
		9ADC9A540F7E78D80025A7AB /* PLeaseMsg.cpp in Sources */ = {isa = PBXBuildFile; fileRef = 5421D3870F5EAD7F004BBDB4 /* PLeaseMsg.cpp */; };
		9ADC9A550F7E78D80025A7AB /* PLeaseProposer.cpp in Sources */ = {isa = PBXBuildFile; fileRef = 5421D38B0F5EADB2004BBDB4 /* PLeaseProposer.cpp */; };
		9ADC9A560F7E78D80025A7AB /* PLeaseAcceptor.cpp in Sources */ = {isa = PBXBuildFile; fileRef = 5421D38E0F5EADBE004BBDB4 /* PLeaseAcceptor.cpp */; };
		9ADC9A570F7E78D80025A7AB /* PLeaseLearner.cpp in Sources */ = {isa = PBXBuildFile; fileRef = 5421D56A0F61DB32004BBDB4 /* PLeaseLearner.cpp */; };
		9ADC9A590F7E78ED0025A7AB /* TransportUDPReader.cpp in Sources */ = {isa = PBXBuildFile; fileRef = 5421E61C0F6C3F98004BBDB4 /* TransportUDPReader.cpp */; };
		9ADC9A5A0F7E78ED0025A7AB /* Cursor.cpp in Sources */ = {isa = PBXBuildFile; fileRef = 547A765F0F7680D6003084C9 /* Cursor.cpp */; };
		9ADC9AD30F7E89330025A7AB /* EventLoop.cpp in Sources */ = {isa = PBXBuildFile; fileRef = 9ADC9AD20F7E89330025A7AB /* EventLoop.cpp */; };
		9ADC9AD40F7E89330025A7AB /* EventLoop.cpp in Sources */ = {isa = PBXBuildFile; fileRef = 9ADC9AD20F7E89330025A7AB /* EventLoop.cpp */; };
		9ADCA0800F8385580025A7AB /* Channel.cpp in Sources */ = {isa = PBXBuildFile; fileRef = 9ADCA07F0F8385580025A7AB /* Channel.cpp */; };
		9AF5010A0F83953500F7F49E /* kdbfs.cpp in Sources */ = {isa = PBXBuildFile; fileRef = 9AF501090F83953500F7F49E /* kdbfs.cpp */; };
		9AF5011A0F83A9F600F7F49E /* HttpClient.cpp in Sources */ = {isa = PBXBuildFile; fileRef = 9ADCA02A0F82D6EE0025A7AB /* HttpClient.cpp */; };
		9AF5011B0F83A9F600F7F49E /* IMF.cpp in Sources */ = {isa = PBXBuildFile; fileRef = 5421DCC70F648B86004BBDB4 /* IMF.cpp */; };
		9AF5011C0F83A9F600F7F49E /* EventLoop.cpp in Sources */ = {isa = PBXBuildFile; fileRef = 9ADC9AD20F7E89330025A7AB /* EventLoop.cpp */; };
		9AF5011D0F83A9F600F7F49E /* Scheduler.cpp in Sources */ = {isa = PBXBuildFile; fileRef = 548147370F31B6B200F3D2B6 /* Scheduler.cpp */; };
		9AF5011E0F83A9F600F7F49E /* IOProcessor_Darwin.cpp in Sources */ = {isa = PBXBuildFile; fileRef = 5481473F0F31B6B200F3D2B6 /* IOProcessor_Darwin.cpp */; };
		9AF5011F0F83A9F600F7F49E /* Socket.cpp in Sources */ = {isa = PBXBuildFile; fileRef = 548147410F31B6B200F3D2B6 /* Socket.cpp */; };
		9AF501200F83A9F600F7F49E /* Log.cpp in Sources */ = {isa = PBXBuildFile; fileRef = 548147430F31B6B200F3D2B6 /* Log.cpp */; };
		9AF501220F83AA0100F7F49E /* HttpRequest.cpp in Sources */ = {isa = PBXBuildFile; fileRef = 5421DCC30F648B86004BBDB4 /* HttpRequest.cpp */; };
		9AF5012D0F85198E00F7F49E /* kdbfs_main.c in Sources */ = {isa = PBXBuildFile; fileRef = 9ADCA0250F82D5980025A7AB /* kdbfs_main.c */; };
		9AF501FD0F8826A900F7F49E /* BDBTool.cpp in Sources */ = {isa = PBXBuildFile; fileRef = 9AF501F10F88226400F7F49E /* BDBTool.cpp */; };
		9AF502000F8826CC00F7F49E /* Table.cpp in Sources */ = {isa = PBXBuildFile; fileRef = 548147180F31B6B200F3D2B6 /* Table.cpp */; };
		9AF502010F8826CC00F7F49E /* Database.cpp in Sources */ = {isa = PBXBuildFile; fileRef = 548147160F31B6B200F3D2B6 /* Database.cpp */; };
		9AF502030F8826DB00F7F49E /* libdb_cxx.dylib in Frameworks */ = {isa = PBXBuildFile; fileRef = 548147740F31B8BE00F3D2B6 /* libdb_cxx.dylib */; };
		9AF504260F8A2E7500F7F49E /* EventLoop.cpp in Sources */ = {isa = PBXBuildFile; fileRef = 9ADC9AD20F7E89330025A7AB /* EventLoop.cpp */; };
		9AF504A70F8A2FA300F7F49E /* EventLoop.cpp in Sources */ = {isa = PBXBuildFile; fileRef = 9ADC9AD20F7E89330025A7AB /* EventLoop.cpp */; };
		9AF507D90F8A725300F7F49E /* KeyspaceMsg.cpp in Sources */ = {isa = PBXBuildFile; fileRef = 545C60580F797BA3006540BC /* KeyspaceMsg.cpp */; };
		9AF507DB0F8A726200F7F49E /* Common.cpp in Sources */ = {isa = PBXBuildFile; fileRef = 5481472F0F31B6B200F3D2B6 /* Common.cpp */; };
		9AF508690F8AB05300F7F49E /* Config.cpp in Sources */ = {isa = PBXBuildFile; fileRef = 9AF508680F8AB05300F7F49E /* Config.cpp */; };
/* End PBXBuildFile section */

/* Begin PBXCopyFilesBuildPhase section */
		8DD76FAF0486AB0100D96B5E /* CopyFiles */ = {
			isa = PBXCopyFilesBuildPhase;
			buildActionMask = 8;
			dstPath = /usr/share/man/man1/;
			dstSubfolderSpec = 0;
			files = (
				8DD76FB00486AB0100D96B5E /* Keyspace.1 in CopyFiles */,
			);
			runOnlyForDeploymentPostprocessing = 1;
		};
/* End PBXCopyFilesBuildPhase section */

/* Begin PBXFileReference section */
		5406777C0F3C48FD00E80088 /* TestDB.cpp */ = {isa = PBXFileReference; fileEncoding = 4; lastKnownFileType = sourcecode.cpp.cpp; path = TestDB.cpp; sourceTree = "<group>"; };
		5406777D0F3C48FD00E80088 /* TestDB.h */ = {isa = PBXFileReference; fileEncoding = 4; lastKnownFileType = sourcecode.c.h; path = TestDB.h; sourceTree = "<group>"; };
		5421D00E0F573DD7004BBDB4 /* KeyspaceDB.cpp */ = {isa = PBXFileReference; fileEncoding = 4; lastKnownFileType = sourcecode.cpp.cpp; path = KeyspaceDB.cpp; sourceTree = "<group>"; };
		5421D1480F5C5ED9004BBDB4 /* PaxosProposer.h */ = {isa = PBXFileReference; fileEncoding = 4; lastKnownFileType = sourcecode.c.h; path = PaxosProposer.h; sourceTree = "<group>"; };
		5421D1490F5C5ED9004BBDB4 /* PaxosProposer.cpp */ = {isa = PBXFileReference; fileEncoding = 4; lastKnownFileType = sourcecode.cpp.cpp; path = PaxosProposer.cpp; sourceTree = "<group>"; };
		5421D14C0F5C5F1B004BBDB4 /* PaxosAcceptor.h */ = {isa = PBXFileReference; fileEncoding = 4; lastKnownFileType = sourcecode.c.h; path = PaxosAcceptor.h; sourceTree = "<group>"; };
		5421D14D0F5C5F1B004BBDB4 /* PaxosAcceptor.cpp */ = {isa = PBXFileReference; fileEncoding = 4; lastKnownFileType = sourcecode.cpp.cpp; path = PaxosAcceptor.cpp; sourceTree = "<group>"; };
		5421D3860F5EAD7F004BBDB4 /* PLeaseMsg.h */ = {isa = PBXFileReference; fileEncoding = 4; lastKnownFileType = sourcecode.c.h; path = PLeaseMsg.h; sourceTree = "<group>"; };
		5421D3870F5EAD7F004BBDB4 /* PLeaseMsg.cpp */ = {isa = PBXFileReference; fileEncoding = 4; lastKnownFileType = sourcecode.cpp.cpp; path = PLeaseMsg.cpp; sourceTree = "<group>"; };
		5421D3890F5EAD9F004BBDB4 /* PLeaseState.h */ = {isa = PBXFileReference; fileEncoding = 4; lastKnownFileType = sourcecode.c.h; path = PLeaseState.h; sourceTree = "<group>"; };
		5421D38A0F5EADB2004BBDB4 /* PLeaseProposer.h */ = {isa = PBXFileReference; fileEncoding = 4; lastKnownFileType = sourcecode.c.h; path = PLeaseProposer.h; sourceTree = "<group>"; };
		5421D38B0F5EADB2004BBDB4 /* PLeaseProposer.cpp */ = {isa = PBXFileReference; fileEncoding = 4; lastKnownFileType = sourcecode.cpp.cpp; path = PLeaseProposer.cpp; sourceTree = "<group>"; };
		5421D38D0F5EADBE004BBDB4 /* PLeaseAcceptor.h */ = {isa = PBXFileReference; fileEncoding = 4; lastKnownFileType = sourcecode.c.h; path = PLeaseAcceptor.h; sourceTree = "<group>"; };
		5421D38E0F5EADBE004BBDB4 /* PLeaseAcceptor.cpp */ = {isa = PBXFileReference; fileEncoding = 4; lastKnownFileType = sourcecode.cpp.cpp; path = PLeaseAcceptor.cpp; sourceTree = "<group>"; };
		5421D4360F617AF0004BBDB4 /* PLeaseConsts.h */ = {isa = PBXFileReference; fileEncoding = 4; lastKnownFileType = sourcecode.c.h; path = PLeaseConsts.h; sourceTree = "<group>"; };
		5421D5690F61DB32004BBDB4 /* PLeaseLearner.h */ = {isa = PBXFileReference; fileEncoding = 4; lastKnownFileType = sourcecode.c.h; path = PLeaseLearner.h; sourceTree = "<group>"; };
		5421D56A0F61DB32004BBDB4 /* PLeaseLearner.cpp */ = {isa = PBXFileReference; fileEncoding = 4; lastKnownFileType = sourcecode.cpp.cpp; path = PLeaseLearner.cpp; sourceTree = "<group>"; };
		5421D5A90F61DE2A004BBDB4 /* PaxosLease.h */ = {isa = PBXFileReference; fileEncoding = 4; lastKnownFileType = sourcecode.c.h; path = PaxosLease.h; sourceTree = "<group>"; };
		5421D5AA0F61DE2A004BBDB4 /* PaxosLease.cpp */ = {isa = PBXFileReference; fileEncoding = 4; lastKnownFileType = sourcecode.cpp.cpp; path = PaxosLease.cpp; sourceTree = "<group>"; };
		5421D6B10F63092E004BBDB4 /* PaxosConsts.h */ = {isa = PBXFileReference; fileEncoding = 4; lastKnownFileType = sourcecode.c.h; path = PaxosConsts.h; sourceTree = "<group>"; };
		5421D81B0F6424CE004BBDB4 /* PaxosLearner.h */ = {isa = PBXFileReference; fileEncoding = 4; lastKnownFileType = sourcecode.c.h; path = PaxosLearner.h; sourceTree = "<group>"; };
		5421D81C0F6424CE004BBDB4 /* PaxosLearner.cpp */ = {isa = PBXFileReference; fileEncoding = 4; lastKnownFileType = sourcecode.cpp.cpp; path = PaxosLearner.cpp; sourceTree = "<group>"; };
		5421DCC10F648B86004BBDB4 /* HttpConn.cpp */ = {isa = PBXFileReference; fileEncoding = 4; lastKnownFileType = sourcecode.cpp.cpp; path = HttpConn.cpp; sourceTree = "<group>"; };
		5421DCC20F648B86004BBDB4 /* HttpConn.h */ = {isa = PBXFileReference; fileEncoding = 4; lastKnownFileType = sourcecode.c.h; path = HttpConn.h; sourceTree = "<group>"; };
		5421DCC30F648B86004BBDB4 /* HttpRequest.cpp */ = {isa = PBXFileReference; fileEncoding = 4; lastKnownFileType = sourcecode.cpp.cpp; path = HttpRequest.cpp; sourceTree = "<group>"; };
		5421DCC40F648B86004BBDB4 /* HttpRequest.h */ = {isa = PBXFileReference; fileEncoding = 4; lastKnownFileType = sourcecode.c.h; path = HttpRequest.h; sourceTree = "<group>"; };
		5421DCC50F648B86004BBDB4 /* HttpServer.cpp */ = {isa = PBXFileReference; fileEncoding = 4; lastKnownFileType = sourcecode.cpp.cpp; path = HttpServer.cpp; sourceTree = "<group>"; };
		5421DCC60F648B86004BBDB4 /* HttpServer.h */ = {isa = PBXFileReference; fileEncoding = 4; lastKnownFileType = sourcecode.c.h; path = HttpServer.h; sourceTree = "<group>"; };
		5421DCC70F648B86004BBDB4 /* IMF.cpp */ = {isa = PBXFileReference; fileEncoding = 4; lastKnownFileType = sourcecode.cpp.cpp; path = IMF.cpp; sourceTree = "<group>"; };
		5421DCC80F648B86004BBDB4 /* IMF.h */ = {isa = PBXFileReference; fileEncoding = 4; lastKnownFileType = sourcecode.c.h; path = IMF.h; sourceTree = "<group>"; };
		5421DCC90F648B86004BBDB4 /* MemcacheConn.cpp */ = {isa = PBXFileReference; fileEncoding = 4; lastKnownFileType = sourcecode.cpp.cpp; path = MemcacheConn.cpp; sourceTree = "<group>"; };
		5421DCCA0F648B86004BBDB4 /* MemcacheConn.h */ = {isa = PBXFileReference; fileEncoding = 4; lastKnownFileType = sourcecode.c.h; path = MemcacheConn.h; sourceTree = "<group>"; };
		5421DCCB0F648B86004BBDB4 /* MemcacheServer.cpp */ = {isa = PBXFileReference; fileEncoding = 4; lastKnownFileType = sourcecode.cpp.cpp; path = MemcacheServer.cpp; sourceTree = "<group>"; };
		5421DCCC0F648B86004BBDB4 /* MemcacheServer.h */ = {isa = PBXFileReference; fileEncoding = 4; lastKnownFileType = sourcecode.c.h; path = MemcacheServer.h; sourceTree = "<group>"; };
		5421E1040F68121B004BBDB4 /* ReplicatedLogMsg.h */ = {isa = PBXFileReference; fileEncoding = 4; lastKnownFileType = sourcecode.c.h; path = ReplicatedLogMsg.h; sourceTree = "<group>"; };
		5421E1050F68121B004BBDB4 /* ReplicatedLogMsg.cpp */ = {isa = PBXFileReference; fileEncoding = 4; lastKnownFileType = sourcecode.cpp.cpp; path = ReplicatedLogMsg.cpp; sourceTree = "<group>"; };
		5421E35E0F6C13CC004BBDB4 /* TransportTCPReader.h */ = {isa = PBXFileReference; fileEncoding = 4; lastKnownFileType = sourcecode.c.h; path = TransportTCPReader.h; sourceTree = "<group>"; };
		5421E35F0F6C13CC004BBDB4 /* TransportTCPReader.cpp */ = {isa = PBXFileReference; fileEncoding = 4; lastKnownFileType = sourcecode.cpp.cpp; path = TransportTCPReader.cpp; sourceTree = "<group>"; };
		5421E3EC0F6C1DD5004BBDB4 /* TransportReader.h */ = {isa = PBXFileReference; fileEncoding = 4; lastKnownFileType = sourcecode.c.h; path = TransportReader.h; sourceTree = "<group>"; };
		5421E61B0F6C3F98004BBDB4 /* TransportUDPReader.h */ = {isa = PBXFileReference; fileEncoding = 4; lastKnownFileType = sourcecode.c.h; path = TransportUDPReader.h; sourceTree = "<group>"; };
		5421E61C0F6C3F98004BBDB4 /* TransportUDPReader.cpp */ = {isa = PBXFileReference; fileEncoding = 4; lastKnownFileType = sourcecode.cpp.cpp; path = TransportUDPReader.cpp; sourceTree = "<group>"; };
		54460CD40F5198E800EFBBDE /* AsyncDBTest */ = {isa = PBXFileReference; explicitFileType = "compiled.mach-o.executable"; includeInIndex = 0; path = AsyncDBTest; sourceTree = BUILT_PRODUCTS_DIR; };
		544611EF0F533FAB00EFBBDE /* AsyncDBTest.cpp */ = {isa = PBXFileReference; fileEncoding = 4; lastKnownFileType = sourcecode.cpp.cpp; path = AsyncDBTest.cpp; sourceTree = "<group>"; };
		544611F00F533FAB00EFBBDE /* IOTest.cpp */ = {isa = PBXFileReference; fileEncoding = 4; lastKnownFileType = sourcecode.cpp.cpp; path = IOTest.cpp; sourceTree = "<group>"; };
		544611F10F533FAB00EFBBDE /* OpenDirect.cpp */ = {isa = PBXFileReference; fileEncoding = 4; lastKnownFileType = sourcecode.cpp.cpp; path = OpenDirect.cpp; sourceTree = "<group>"; };
		544611F20F533FAB00EFBBDE /* PaxosTester.c */ = {isa = PBXFileReference; fileEncoding = 4; lastKnownFileType = sourcecode.c.c; path = PaxosTester.c; sourceTree = "<group>"; };
		544611F30F533FAB00EFBBDE /* Test.c */ = {isa = PBXFileReference; fileEncoding = 4; lastKnownFileType = sourcecode.c.c; path = Test.c; sourceTree = "<group>"; };
		544611F40F533FAB00EFBBDE /* Test.h */ = {isa = PBXFileReference; fileEncoding = 4; lastKnownFileType = sourcecode.c.h; path = Test.h; sourceTree = "<group>"; };
		544611F50F533FAB00EFBBDE /* ThreadPoolTest.cpp */ = {isa = PBXFileReference; fileEncoding = 4; lastKnownFileType = sourcecode.cpp.cpp; path = ThreadPoolTest.cpp; sourceTree = "<group>"; };
		544611F60F533FAB00EFBBDE /* UDPEchoClient.c */ = {isa = PBXFileReference; fileEncoding = 4; lastKnownFileType = sourcecode.c.c; path = UDPEchoClient.c; sourceTree = "<group>"; };
		5446122C0F53488D00EFBBDE /* KeyspaceDB.h */ = {isa = PBXFileReference; fileEncoding = 4; lastKnownFileType = sourcecode.c.h; path = KeyspaceDB.h; sourceTree = "<group>"; };
		5449D4500F90B5CE00F95C2F /* KeyspaceServer.h */ = {isa = PBXFileReference; fileEncoding = 4; lastKnownFileType = sourcecode.c.h; path = KeyspaceServer.h; sourceTree = "<group>"; };
		5449D4510F90B5CE00F95C2F /* KeyspaceServer.cpp */ = {isa = PBXFileReference; fileEncoding = 4; lastKnownFileType = sourcecode.cpp.cpp; path = KeyspaceServer.cpp; sourceTree = "<group>"; };
		5449D4590F90B66000F95C2F /* KeyspaceConn.h */ = {isa = PBXFileReference; fileEncoding = 4; lastKnownFileType = sourcecode.c.h; path = KeyspaceConn.h; sourceTree = "<group>"; };
		5449D45A0F90B66000F95C2F /* KeyspaceConn.cpp */ = {isa = PBXFileReference; fileEncoding = 4; lastKnownFileType = sourcecode.cpp.cpp; path = KeyspaceConn.cpp; sourceTree = "<group>"; };
		545C60330F7979B4006540BC /* KeyspaceClient.h */ = {isa = PBXFileReference; fileEncoding = 4; lastKnownFileType = sourcecode.c.h; path = KeyspaceClient.h; sourceTree = "<group>"; };
		545C60570F797BA3006540BC /* KeyspaceMsg.h */ = {isa = PBXFileReference; fileEncoding = 4; lastKnownFileType = sourcecode.c.h; path = KeyspaceMsg.h; sourceTree = "<group>"; };
		545C60580F797BA3006540BC /* KeyspaceMsg.cpp */ = {isa = PBXFileReference; fileEncoding = 4; lastKnownFileType = sourcecode.cpp.cpp; path = KeyspaceMsg.cpp; sourceTree = "<group>"; };
		545C76720F8F8180006540BC /* KeyspaceClientMsg.h */ = {isa = PBXFileReference; fileEncoding = 4; lastKnownFileType = sourcecode.c.h; path = KeyspaceClientMsg.h; sourceTree = "<group>"; };
		545C76730F8F8180006540BC /* KeyspaceClientMsg.cpp */ = {isa = PBXFileReference; fileEncoding = 4; lastKnownFileType = sourcecode.cpp.cpp; path = KeyspaceClientMsg.cpp; sourceTree = "<group>"; };
		547A75AC0F756FA1003084C9 /* KeyspaceConsts.h */ = {isa = PBXFileReference; fileEncoding = 4; lastKnownFileType = sourcecode.c.h; path = KeyspaceConsts.h; sourceTree = "<group>"; };
		547A75F20F758C3D003084C9 /* CatchupMsg.h */ = {isa = PBXFileReference; fileEncoding = 4; lastKnownFileType = sourcecode.c.h; path = CatchupMsg.h; sourceTree = "<group>"; };
		547A75F30F758C3D003084C9 /* CatchupMsg.cpp */ = {isa = PBXFileReference; fileEncoding = 4; lastKnownFileType = sourcecode.cpp.cpp; path = CatchupMsg.cpp; sourceTree = "<group>"; };
		547A75F40F758C3D003084C9 /* CatchupClient.cpp */ = {isa = PBXFileReference; fileEncoding = 4; lastKnownFileType = sourcecode.cpp.cpp; path = CatchupClient.cpp; sourceTree = "<group>"; };
		547A75F50F758C3D003084C9 /* CatchupServer.cpp */ = {isa = PBXFileReference; fileEncoding = 4; lastKnownFileType = sourcecode.cpp.cpp; path = CatchupServer.cpp; sourceTree = "<group>"; };
		547A75F60F758C3D003084C9 /* CatchupServer.h */ = {isa = PBXFileReference; fileEncoding = 4; lastKnownFileType = sourcecode.c.h; path = CatchupServer.h; sourceTree = "<group>"; };
		547A75F70F758C3D003084C9 /* CatchupClient.h */ = {isa = PBXFileReference; fileEncoding = 4; lastKnownFileType = sourcecode.c.h; path = CatchupClient.h; sourceTree = "<group>"; };
		547A762F0F765B9C003084C9 /* CatchupConn.h */ = {isa = PBXFileReference; fileEncoding = 4; lastKnownFileType = sourcecode.c.h; path = CatchupConn.h; sourceTree = "<group>"; };
		547A76300F765B9C003084C9 /* CatchupConn.cpp */ = {isa = PBXFileReference; fileEncoding = 4; lastKnownFileType = sourcecode.cpp.cpp; path = CatchupConn.cpp; sourceTree = "<group>"; };
		547A765E0F7680D6003084C9 /* Cursor.h */ = {isa = PBXFileReference; fileEncoding = 4; lastKnownFileType = sourcecode.c.h; path = Cursor.h; sourceTree = "<group>"; };
		547A765F0F7680D6003084C9 /* Cursor.cpp */ = {isa = PBXFileReference; fileEncoding = 4; lastKnownFileType = sourcecode.cpp.cpp; path = Cursor.cpp; sourceTree = "<group>"; };
		548147000F31B6B200F3D2B6 /* TCPEchoConn.cpp */ = {isa = PBXFileReference; fileEncoding = 4; lastKnownFileType = sourcecode.cpp.cpp; path = TCPEchoConn.cpp; sourceTree = "<group>"; };
		548147010F31B6B200F3D2B6 /* TCPEchoConn.h */ = {isa = PBXFileReference; fileEncoding = 4; lastKnownFileType = sourcecode.c.h; path = TCPEchoConn.h; sourceTree = "<group>"; };
		548147020F31B6B200F3D2B6 /* TCPEchoServer.cpp */ = {isa = PBXFileReference; fileEncoding = 4; lastKnownFileType = sourcecode.cpp.cpp; path = TCPEchoServer.cpp; sourceTree = "<group>"; };
		548147030F31B6B200F3D2B6 /* TCPEchoServer.h */ = {isa = PBXFileReference; fileEncoding = 4; lastKnownFileType = sourcecode.c.h; path = TCPEchoServer.h; sourceTree = "<group>"; };
		548147040F31B6B200F3D2B6 /* UDPEchoServer.cpp */ = {isa = PBXFileReference; fileEncoding = 4; lastKnownFileType = sourcecode.cpp.cpp; path = UDPEchoServer.cpp; sourceTree = "<group>"; };
		548147050F31B6B200F3D2B6 /* UDPEchoServer.h */ = {isa = PBXFileReference; fileEncoding = 4; lastKnownFileType = sourcecode.c.h; path = UDPEchoServer.h; sourceTree = "<group>"; };
		548147110F31B6B200F3D2B6 /* bugs.txt */ = {isa = PBXFileReference; fileEncoding = 4; lastKnownFileType = text; path = bugs.txt; sourceTree = "<group>"; };
		548147120F31B6B200F3D2B6 /* dump.txt */ = {isa = PBXFileReference; fileEncoding = 4; lastKnownFileType = text; path = dump.txt; sourceTree = "<group>"; };
		548147160F31B6B200F3D2B6 /* Database.cpp */ = {isa = PBXFileReference; fileEncoding = 4; lastKnownFileType = sourcecode.cpp.cpp; path = Database.cpp; sourceTree = "<group>"; };
		548147170F31B6B200F3D2B6 /* Database.h */ = {isa = PBXFileReference; fileEncoding = 4; lastKnownFileType = sourcecode.c.h; path = Database.h; sourceTree = "<group>"; };
		548147180F31B6B200F3D2B6 /* Table.cpp */ = {isa = PBXFileReference; fileEncoding = 4; lastKnownFileType = sourcecode.cpp.cpp; path = Table.cpp; sourceTree = "<group>"; };
		548147190F31B6B200F3D2B6 /* Table.h */ = {isa = PBXFileReference; fileEncoding = 4; lastKnownFileType = sourcecode.c.h; path = Table.h; sourceTree = "<group>"; };
		548147200F31B6B200F3D2B6 /* PaxosConfig.cpp */ = {isa = PBXFileReference; fileEncoding = 4; lastKnownFileType = sourcecode.cpp.cpp; path = PaxosConfig.cpp; sourceTree = "<group>"; };
		548147210F31B6B200F3D2B6 /* PaxosConfig.h */ = {isa = PBXFileReference; fileEncoding = 4; lastKnownFileType = sourcecode.c.h; path = PaxosConfig.h; sourceTree = "<group>"; };
		548147240F31B6B200F3D2B6 /* PaxosMsg.cpp */ = {isa = PBXFileReference; fileEncoding = 4; lastKnownFileType = sourcecode.cpp.cpp; path = PaxosMsg.cpp; sourceTree = "<group>"; };
		548147250F31B6B200F3D2B6 /* PaxosMsg.h */ = {isa = PBXFileReference; fileEncoding = 4; lastKnownFileType = sourcecode.c.h; path = PaxosMsg.h; sourceTree = "<group>"; };
		548147260F31B6B200F3D2B6 /* PaxosState.h */ = {isa = PBXFileReference; fileEncoding = 4; lastKnownFileType = sourcecode.c.h; path = PaxosState.h; sourceTree = "<group>"; };
		548147280F31B6B200F3D2B6 /* LogCache.cpp */ = {isa = PBXFileReference; fileEncoding = 4; lastKnownFileType = sourcecode.cpp.cpp; path = LogCache.cpp; sourceTree = "<group>"; };
		548147290F31B6B200F3D2B6 /* LogCache.h */ = {isa = PBXFileReference; fileEncoding = 4; lastKnownFileType = sourcecode.c.h; path = LogCache.h; sourceTree = "<group>"; };
		5481472A0F31B6B200F3D2B6 /* ReplicatedLog.cpp */ = {isa = PBXFileReference; fileEncoding = 4; lastKnownFileType = sourcecode.cpp.cpp; path = ReplicatedLog.cpp; sourceTree = "<group>"; };
		5481472B0F31B6B200F3D2B6 /* ReplicatedLog.h */ = {isa = PBXFileReference; fileEncoding = 4; lastKnownFileType = sourcecode.c.h; path = ReplicatedLog.h; sourceTree = "<group>"; };
		5481472C0F31B6B200F3D2B6 /* Main.cpp */ = {isa = PBXFileReference; fileEncoding = 4; lastKnownFileType = sourcecode.cpp.cpp; path = Main.cpp; sourceTree = "<group>"; };
		5481472E0F31B6B200F3D2B6 /* Buffer.h */ = {isa = PBXFileReference; fileEncoding = 4; lastKnownFileType = sourcecode.c.h; path = Buffer.h; sourceTree = "<group>"; };
		5481472F0F31B6B200F3D2B6 /* Common.cpp */ = {isa = PBXFileReference; fileEncoding = 4; lastKnownFileType = sourcecode.cpp.cpp; path = Common.cpp; sourceTree = "<group>"; };
		548147300F31B6B200F3D2B6 /* Common.h */ = {isa = PBXFileReference; fileEncoding = 4; lastKnownFileType = sourcecode.c.h; path = Common.h; sourceTree = "<group>"; };
		548147320F31B6B200F3D2B6 /* List.h */ = {isa = PBXFileReference; fileEncoding = 4; lastKnownFileType = sourcecode.c.h; path = List.h; sourceTree = "<group>"; };
		548147330F31B6B200F3D2B6 /* SortedList.h */ = {isa = PBXFileReference; fileEncoding = 4; lastKnownFileType = sourcecode.c.h; path = SortedList.h; sourceTree = "<group>"; };
		548147350F31B6B200F3D2B6 /* Callable.h */ = {isa = PBXFileReference; fileEncoding = 4; lastKnownFileType = sourcecode.c.h; path = Callable.h; sourceTree = "<group>"; };
		548147360F31B6B200F3D2B6 /* EventLoop.h */ = {isa = PBXFileReference; fileEncoding = 4; lastKnownFileType = sourcecode.c.h; path = EventLoop.h; sourceTree = "<group>"; };
		548147370F31B6B200F3D2B6 /* Scheduler.cpp */ = {isa = PBXFileReference; fileEncoding = 4; lastKnownFileType = sourcecode.cpp.cpp; path = Scheduler.cpp; sourceTree = "<group>"; };
		548147380F31B6B200F3D2B6 /* Scheduler.h */ = {isa = PBXFileReference; fileEncoding = 4; lastKnownFileType = sourcecode.c.h; path = Scheduler.h; sourceTree = "<group>"; };
		548147390F31B6B200F3D2B6 /* Timer.h */ = {isa = PBXFileReference; fileEncoding = 4; lastKnownFileType = sourcecode.c.h; path = Timer.h; sourceTree = "<group>"; };
		5481473B0F31B6B200F3D2B6 /* Endpoint.cpp */ = {isa = PBXFileReference; fileEncoding = 4; lastKnownFileType = sourcecode.cpp.cpp; path = Endpoint.cpp; sourceTree = "<group>"; };
		5481473C0F31B6B200F3D2B6 /* Endpoint.h */ = {isa = PBXFileReference; fileEncoding = 4; lastKnownFileType = sourcecode.c.h; path = Endpoint.h; sourceTree = "<group>"; };
		5481473D0F31B6B200F3D2B6 /* IOOperation.h */ = {isa = PBXFileReference; fileEncoding = 4; lastKnownFileType = sourcecode.c.h; path = IOOperation.h; sourceTree = "<group>"; };
		5481473E0F31B6B200F3D2B6 /* IOProcessor.h */ = {isa = PBXFileReference; fileEncoding = 4; lastKnownFileType = sourcecode.c.h; path = IOProcessor.h; sourceTree = "<group>"; };
		5481473F0F31B6B200F3D2B6 /* IOProcessor_Darwin.cpp */ = {isa = PBXFileReference; fileEncoding = 4; lastKnownFileType = sourcecode.cpp.cpp; path = IOProcessor_Darwin.cpp; sourceTree = "<group>"; };
		548147400F31B6B200F3D2B6 /* IOProcessor_Linux.cpp */ = {isa = PBXFileReference; fileEncoding = 4; lastKnownFileType = sourcecode.cpp.cpp; path = IOProcessor_Linux.cpp; sourceTree = "<group>"; };
		548147410F31B6B200F3D2B6 /* Socket.cpp */ = {isa = PBXFileReference; fileEncoding = 4; lastKnownFileType = sourcecode.cpp.cpp; path = Socket.cpp; sourceTree = "<group>"; };
		548147420F31B6B200F3D2B6 /* Socket.h */ = {isa = PBXFileReference; fileEncoding = 4; lastKnownFileType = sourcecode.c.h; path = Socket.h; sourceTree = "<group>"; };
		548147430F31B6B200F3D2B6 /* Log.cpp */ = {isa = PBXFileReference; fileEncoding = 4; lastKnownFileType = sourcecode.cpp.cpp; path = Log.cpp; sourceTree = "<group>"; };
		548147440F31B6B200F3D2B6 /* Log.h */ = {isa = PBXFileReference; fileEncoding = 4; lastKnownFileType = sourcecode.c.h; path = Log.h; sourceTree = "<group>"; };
		548147450F31B6B200F3D2B6 /* Platform.h */ = {isa = PBXFileReference; fileEncoding = 4; lastKnownFileType = sourcecode.c.h; path = Platform.h; sourceTree = "<group>"; };
		548147460F31B6B200F3D2B6 /* Stopwatch.h */ = {isa = PBXFileReference; fileEncoding = 4; lastKnownFileType = sourcecode.c.h; path = Stopwatch.h; sourceTree = "<group>"; };
		548147470F31B6B200F3D2B6 /* Time.h */ = {isa = PBXFileReference; fileEncoding = 4; lastKnownFileType = sourcecode.c.h; path = Time.h; sourceTree = "<group>"; };
		548147490F31B6B200F3D2B6 /* todo.txt */ = {isa = PBXFileReference; fileEncoding = 4; lastKnownFileType = text; path = todo.txt; sourceTree = "<group>"; };
		548147740F31B8BE00F3D2B6 /* libdb_cxx.dylib */ = {isa = PBXFileReference; lastKnownFileType = "compiled.mach-o.dylib"; name = libdb_cxx.dylib; path = /opt/local/lib/db46/libdb_cxx.dylib; sourceTree = "<absolute>"; };
		54814BFE0F35084500F3D2B6 /* Transaction.h */ = {isa = PBXFileReference; fileEncoding = 4; lastKnownFileType = sourcecode.c.h; path = Transaction.h; sourceTree = "<group>"; };
		54814BFF0F35084500F3D2B6 /* Transaction.cpp */ = {isa = PBXFileReference; fileEncoding = 4; lastKnownFileType = sourcecode.cpp.cpp; path = Transaction.cpp; sourceTree = "<group>"; };
		54814D450F35DD9400F3D2B6 /* ReplicatedDB.h */ = {isa = PBXFileReference; fileEncoding = 4; lastKnownFileType = sourcecode.c.h; path = ReplicatedDB.h; sourceTree = "<group>"; };
		54AFE4670F39B241001EE6B4 /* LogQueue.h */ = {isa = PBXFileReference; fileEncoding = 4; lastKnownFileType = sourcecode.c.h; path = LogQueue.h; sourceTree = "<group>"; };
		54AFE4680F39B241001EE6B4 /* LogQueue.cpp */ = {isa = PBXFileReference; fileEncoding = 4; lastKnownFileType = sourcecode.cpp.cpp; path = LogQueue.cpp; sourceTree = "<group>"; };
		8DD76FB20486AB0100D96B5E /* Keyspace */ = {isa = PBXFileReference; explicitFileType = "compiled.mach-o.executable"; includeInIndex = 0; path = Keyspace; sourceTree = BUILT_PRODUCTS_DIR; };
		9A22A3FB0F40AD59002648C6 /* AsyncDatabase.h */ = {isa = PBXFileReference; fileEncoding = 4; lastKnownFileType = sourcecode.c.h; name = AsyncDatabase.h; path = AsyncDatabase/AsyncDatabase.h; sourceTree = "<group>"; };
		9A22A3FC0F40AD59002648C6 /* AsyncDatabase.cpp */ = {isa = PBXFileReference; fileEncoding = 4; lastKnownFileType = sourcecode.cpp.cpp; name = AsyncDatabase.cpp; path = AsyncDatabase/AsyncDatabase.cpp; sourceTree = "<group>"; };
		9A22A4F40F518FFB002648C6 /* MultiDatabaseOp.cpp */ = {isa = PBXFileReference; fileEncoding = 4; lastKnownFileType = sourcecode.cpp.cpp; name = MultiDatabaseOp.cpp; path = AsyncDatabase/MultiDatabaseOp.cpp; sourceTree = "<group>"; };
		9A22A4F50F518FFB002648C6 /* MultiDatabaseOp.h */ = {isa = PBXFileReference; fileEncoding = 4; lastKnownFileType = sourcecode.c.h; name = MultiDatabaseOp.h; path = AsyncDatabase/MultiDatabaseOp.h; sourceTree = "<group>"; };
		9A2723170F5F9B9F00EE25E2 /* TableVisitorTest */ = {isa = PBXFileReference; explicitFileType = "compiled.mach-o.executable"; includeInIndex = 0; path = TableVisitorTest; sourceTree = BUILT_PRODUCTS_DIR; };
		9A27231B0F5F9BBE00EE25E2 /* TableVisitorTest.cpp */ = {isa = PBXFileReference; fileEncoding = 4; lastKnownFileType = sourcecode.cpp.cpp; path = TableVisitorTest.cpp; sourceTree = "<group>"; };
		9A27242A0F65480E00EE25E2 /* Test.agazso */ = {isa = PBXFileReference; explicitFileType = "compiled.mach-o.executable"; includeInIndex = 0; path = Test.agazso; sourceTree = BUILT_PRODUCTS_DIR; };
		9A2724300F654C5400EE25E2 /* Test.agazso.cpp */ = {isa = PBXFileReference; fileEncoding = 4; lastKnownFileType = sourcecode.cpp.cpp; path = Test.agazso.cpp; sourceTree = "<group>"; };
		9A2725180F65AA4000EE25E2 /* HubSim */ = {isa = PBXFileReference; explicitFileType = "compiled.mach-o.executable"; includeInIndex = 0; path = HubSim; sourceTree = BUILT_PRODUCTS_DIR; };
		9A2727000F692B4800EE25E2 /* UDPTestClient.c */ = {isa = PBXFileReference; fileEncoding = 4; lastKnownFileType = sourcecode.c.c; path = UDPTestClient.c; sourceTree = "<group>"; };
		9A6204DB0F6C09B0009576A1 /* HubSim.cpp */ = {isa = PBXFileReference; fileEncoding = 4; lastKnownFileType = sourcecode.cpp.cpp; name = HubSim.cpp; path = HubSim/HubSim.cpp; sourceTree = "<group>"; };
		9A6204DC0F6C09B0009576A1 /* HubSim.h */ = {isa = PBXFileReference; fileEncoding = 4; lastKnownFileType = sourcecode.c.h; name = HubSim.h; path = HubSim/HubSim.h; sourceTree = "<group>"; };
		9A6204DD0F6C09B0009576A1 /* Link.h */ = {isa = PBXFileReference; fileEncoding = 4; lastKnownFileType = sourcecode.c.h; name = Link.h; path = HubSim/Link.h; sourceTree = "<group>"; };
		9A6204DE0F6C09B0009576A1 /* Main.cpp */ = {isa = PBXFileReference; fileEncoding = 4; lastKnownFileType = sourcecode.cpp.cpp; name = Main.cpp; path = HubSim/Main.cpp; sourceTree = "<group>"; };
		9A6205070F6C13EB009576A1 /* TransportWriter.h */ = {isa = PBXFileReference; fileEncoding = 4; lastKnownFileType = sourcecode.c.h; path = TransportWriter.h; sourceTree = "<group>"; };
		9A6205090F6C1789009576A1 /* TCPConn.h */ = {isa = PBXFileReference; fileEncoding = 4; lastKnownFileType = sourcecode.c.h; path = TCPConn.h; sourceTree = "<group>"; };
		9A62050A0F6C1789009576A1 /* TCPServer.cpp */ = {isa = PBXFileReference; fileEncoding = 4; lastKnownFileType = sourcecode.cpp.cpp; path = TCPServer.cpp; sourceTree = "<group>"; };
		9A62050B0F6C1789009576A1 /* TCPServer.h */ = {isa = PBXFileReference; fileEncoding = 4; lastKnownFileType = sourcecode.c.h; path = TCPServer.h; sourceTree = "<group>"; };
		9A6205110F6C1A11009576A1 /* TransportTCPWriter.h */ = {isa = PBXFileReference; fileEncoding = 4; lastKnownFileType = sourcecode.c.h; path = TransportTCPWriter.h; sourceTree = "<group>"; };
		9A6205120F6C1C3A009576A1 /* Transport.h */ = {isa = PBXFileReference; fileEncoding = 4; lastKnownFileType = sourcecode.c.h; path = Transport.h; sourceTree = "<group>"; };
		9A6206230F6C30A3009576A1 /* TransportTCPWriter.cpp */ = {isa = PBXFileReference; fileEncoding = 4; lastKnownFileType = sourcecode.cpp.cpp; path = TransportTCPWriter.cpp; sourceTree = "<group>"; };
		9A62072D0F6C3FE2009576A1 /* TransportUDPWriter.h */ = {isa = PBXFileReference; fileEncoding = 4; lastKnownFileType = sourcecode.c.h; path = TransportUDPWriter.h; sourceTree = "<group>"; };
		9A62072E0F6C3FE2009576A1 /* TransportUDPWriter.cpp */ = {isa = PBXFileReference; fileEncoding = 4; lastKnownFileType = sourcecode.cpp.cpp; path = TransportUDPWriter.cpp; sourceTree = "<group>"; };
		9A89F5860F3F444C0041D4A1 /* ThreadPool.h */ = {isa = PBXFileReference; fileEncoding = 4; lastKnownFileType = sourcecode.c.h; path = ThreadPool.h; sourceTree = "<group>"; };
		9A89F5870F3F444C0041D4A1 /* ThreadPool.cpp */ = {isa = PBXFileReference; fileEncoding = 4; lastKnownFileType = sourcecode.cpp.cpp; path = ThreadPool.cpp; sourceTree = "<group>"; };
		9ADC98040F7BFBA50025A7AB /* Queue.h */ = {isa = PBXFileReference; fileEncoding = 4; lastKnownFileType = sourcecode.c.h; path = Queue.h; sourceTree = "<group>"; };
		9ADC98430F7C004E0025A7AB /* QueueTest.cpp */ = {isa = PBXFileReference; fileEncoding = 4; lastKnownFileType = sourcecode.cpp.cpp; path = QueueTest.cpp; sourceTree = "<group>"; };
		9ADC98480F7C00960025A7AB /* QueueTest */ = {isa = PBXFileReference; explicitFileType = "compiled.mach-o.executable"; includeInIndex = 0; path = QueueTest; sourceTree = BUILT_PRODUCTS_DIR; };
		9ADC98A80F7D9EFA0025A7AB /* LinkedList.h */ = {isa = PBXFileReference; fileEncoding = 4; lastKnownFileType = sourcecode.c.h; path = LinkedList.h; sourceTree = "<group>"; };
		9ADC9AD20F7E89330025A7AB /* EventLoop.cpp */ = {isa = PBXFileReference; fileEncoding = 4; lastKnownFileType = sourcecode.cpp.cpp; path = EventLoop.cpp; sourceTree = "<group>"; };
		9ADCA0250F82D5980025A7AB /* kdbfs_main.c */ = {isa = PBXFileReference; fileEncoding = 4; lastKnownFileType = sourcecode.c.c; path = kdbfs_main.c; sourceTree = "<group>"; };
		9ADCA0290F82D6EE0025A7AB /* HttpClient.h */ = {isa = PBXFileReference; fileEncoding = 4; lastKnownFileType = sourcecode.c.h; path = HttpClient.h; sourceTree = "<group>"; };
		9ADCA02A0F82D6EE0025A7AB /* HttpClient.cpp */ = {isa = PBXFileReference; fileEncoding = 4; lastKnownFileType = sourcecode.cpp.cpp; path = HttpClient.cpp; sourceTree = "<group>"; };
		9ADCA04B0F82D7C90025A7AB /* Kdbfs */ = {isa = PBXFileReference; explicitFileType = "compiled.mach-o.executable"; includeInIndex = 0; path = Kdbfs; sourceTree = BUILT_PRODUCTS_DIR; };
		9ADCA07E0F8385580025A7AB /* Channel.h */ = {isa = PBXFileReference; fileEncoding = 4; lastKnownFileType = sourcecode.c.h; path = Channel.h; sourceTree = "<group>"; };
		9ADCA07F0F8385580025A7AB /* Channel.cpp */ = {isa = PBXFileReference; fileEncoding = 4; lastKnownFileType = sourcecode.cpp.cpp; path = Channel.cpp; sourceTree = "<group>"; };
		9AF501080F83953500F7F49E /* kdbfs.h */ = {isa = PBXFileReference; fileEncoding = 4; lastKnownFileType = sourcecode.c.h; path = kdbfs.h; sourceTree = "<group>"; };
		9AF501090F83953500F7F49E /* kdbfs.cpp */ = {isa = PBXFileReference; fileEncoding = 4; lastKnownFileType = sourcecode.cpp.cpp; path = kdbfs.cpp; sourceTree = "<group>"; };
		9AF501F10F88226400F7F49E /* BDBTool.cpp */ = {isa = PBXFileReference; fileEncoding = 4; lastKnownFileType = sourcecode.cpp.cpp; path = BDBTool.cpp; sourceTree = "<group>"; };
		9AF501F50F88229800F7F49E /* bdblist */ = {isa = PBXFileReference; explicitFileType = "compiled.mach-o.executable"; includeInIndex = 0; path = bdblist; sourceTree = BUILT_PRODUCTS_DIR; };
		9AF508670F8AB05300F7F49E /* Config.h */ = {isa = PBXFileReference; fileEncoding = 4; lastKnownFileType = sourcecode.c.h; path = Config.h; sourceTree = "<group>"; };
		9AF508680F8AB05300F7F49E /* Config.cpp */ = {isa = PBXFileReference; fileEncoding = 4; lastKnownFileType = sourcecode.cpp.cpp; path = Config.cpp; sourceTree = "<group>"; };
		C6A0FF2C0290799A04C91782 /* Keyspace.1 */ = {isa = PBXFileReference; lastKnownFileType = text.man; path = Keyspace.1; sourceTree = "<group>"; };
/* End PBXFileReference section */

/* Begin PBXFrameworksBuildPhase section */
		54460CD20F5198E800EFBBDE /* Frameworks */ = {
			isa = PBXFrameworksBuildPhase;
			buildActionMask = 2147483647;
			files = (
				54460CF80F519AAB00EFBBDE /* libdb_cxx.dylib in Frameworks */,
			);
			runOnlyForDeploymentPostprocessing = 0;
		};
		8DD76FAD0486AB0100D96B5E /* Frameworks */ = {
			isa = PBXFrameworksBuildPhase;
			buildActionMask = 2147483647;
			files = (
				548147750F31B8BE00F3D2B6 /* libdb_cxx.dylib in Frameworks */,
			);
			runOnlyForDeploymentPostprocessing = 0;
		};
		9A2723150F5F9B9F00EE25E2 /* Frameworks */ = {
			isa = PBXFrameworksBuildPhase;
			buildActionMask = 2147483647;
			files = (
				9A2723270F5F9DB600EE25E2 /* libdb_cxx.dylib in Frameworks */,
			);
			runOnlyForDeploymentPostprocessing = 0;
		};
		9A2724280F65480E00EE25E2 /* Frameworks */ = {
			isa = PBXFrameworksBuildPhase;
			buildActionMask = 2147483647;
			files = (
				9A27246C0F65517100EE25E2 /* libdb_cxx.dylib in Frameworks */,
			);
			runOnlyForDeploymentPostprocessing = 0;
		};
		9A2725160F65AA4000EE25E2 /* Frameworks */ = {
			isa = PBXFrameworksBuildPhase;
			buildActionMask = 2147483647;
			files = (
			);
			runOnlyForDeploymentPostprocessing = 0;
		};
		9ADC98460F7C00960025A7AB /* Frameworks */ = {
			isa = PBXFrameworksBuildPhase;
			buildActionMask = 2147483647;
			files = (
			);
			runOnlyForDeploymentPostprocessing = 0;
		};
		9ADCA0490F82D7C90025A7AB /* Frameworks */ = {
			isa = PBXFrameworksBuildPhase;
			buildActionMask = 2147483647;
			files = (
			);
			runOnlyForDeploymentPostprocessing = 0;
		};
		9AF501F30F88229800F7F49E /* Frameworks */ = {
			isa = PBXFrameworksBuildPhase;
			buildActionMask = 2147483647;
			files = (
				9AF502030F8826DB00F7F49E /* libdb_cxx.dylib in Frameworks */,
			);
			runOnlyForDeploymentPostprocessing = 0;
		};
/* End PBXFrameworksBuildPhase section */

/* Begin PBXGroup section */
		08FB7794FE84155DC02AAC07 /* Keyspace */ = {
			isa = PBXGroup;
			children = (
				548147740F31B8BE00F3D2B6 /* libdb_cxx.dylib */,
				08FB7795FE84155DC02AAC07 /* Source */,
				C6A0FF2B0290797F04C91782 /* Documentation */,
				1AB674ADFE9D54B511CA2CBB /* Products */,
			);
			name = Keyspace;
			sourceTree = "<group>";
		};
		08FB7795FE84155DC02AAC07 /* Source */ = {
			isa = PBXGroup;
			children = (
				548146F90F31B6B200F3D2B6 /* src */,
			);
			name = Source;
			sourceTree = "<group>";
		};
		1AB674ADFE9D54B511CA2CBB /* Products */ = {
			isa = PBXGroup;
			children = (
				8DD76FB20486AB0100D96B5E /* Keyspace */,
				54460CD40F5198E800EFBBDE /* AsyncDBTest */,
				9A2723170F5F9B9F00EE25E2 /* TableVisitorTest */,
				9A27242A0F65480E00EE25E2 /* Test.agazso */,
				9A2725180F65AA4000EE25E2 /* HubSim */,
				9ADC98480F7C00960025A7AB /* QueueTest */,
				9ADCA04B0F82D7C90025A7AB /* Kdbfs */,
				9AF501F50F88229800F7F49E /* bdblist */,
			);
			name = Products;
			sourceTree = "<group>";
		};
		5406777B0F3C48FD00E80088 /* TestDB */ = {
			isa = PBXGroup;
			children = (
				5406777D0F3C48FD00E80088 /* TestDB.h */,
				5406777C0F3C48FD00E80088 /* TestDB.cpp */,
			);
			path = TestDB;
			sourceTree = "<group>";
		};
		5421D3850F5EAD65004BBDB4 /* PaxosLease */ = {
			isa = PBXGroup;
			children = (
				5421D4360F617AF0004BBDB4 /* PLeaseConsts.h */,
				5421D3860F5EAD7F004BBDB4 /* PLeaseMsg.h */,
				5421D3870F5EAD7F004BBDB4 /* PLeaseMsg.cpp */,
				5421D3890F5EAD9F004BBDB4 /* PLeaseState.h */,
				5421D38A0F5EADB2004BBDB4 /* PLeaseProposer.h */,
				5421D38B0F5EADB2004BBDB4 /* PLeaseProposer.cpp */,
				5421D38D0F5EADBE004BBDB4 /* PLeaseAcceptor.h */,
				5421D38E0F5EADBE004BBDB4 /* PLeaseAcceptor.cpp */,
				5421D5690F61DB32004BBDB4 /* PLeaseLearner.h */,
				5421D56A0F61DB32004BBDB4 /* PLeaseLearner.cpp */,
				5421D5A90F61DE2A004BBDB4 /* PaxosLease.h */,
				5421D5AA0F61DE2A004BBDB4 /* PaxosLease.cpp */,
			);
			path = PaxosLease;
			sourceTree = "<group>";
		};
		5421DCC00F648B86004BBDB4 /* Protocol */ = {
			isa = PBXGroup;
			children = (
				545C76710F8F816A006540BC /* Keyspace */,
				5421DCC20F648B86004BBDB4 /* HttpConn.h */,
				5421DCC10F648B86004BBDB4 /* HttpConn.cpp */,
				5421DCC40F648B86004BBDB4 /* HttpRequest.h */,
				5421DCC30F648B86004BBDB4 /* HttpRequest.cpp */,
				5421DCC60F648B86004BBDB4 /* HttpServer.h */,
				5421DCC50F648B86004BBDB4 /* HttpServer.cpp */,
				5421DCC80F648B86004BBDB4 /* IMF.h */,
				5421DCC70F648B86004BBDB4 /* IMF.cpp */,
				5421DCCA0F648B86004BBDB4 /* MemcacheConn.h */,
				5421DCC90F648B86004BBDB4 /* MemcacheConn.cpp */,
				5421DCCC0F648B86004BBDB4 /* MemcacheServer.h */,
				5421DCCB0F648B86004BBDB4 /* MemcacheServer.cpp */,
			);
			path = Protocol;
			sourceTree = "<group>";
		};
		5421E3440F6C130E004BBDB4 /* Transport */ = {
			isa = PBXGroup;
			children = (
				9A6205120F6C1C3A009576A1 /* Transport.h */,
				5421E3EC0F6C1DD5004BBDB4 /* TransportReader.h */,
				9A6205070F6C13EB009576A1 /* TransportWriter.h */,
				5421E61B0F6C3F98004BBDB4 /* TransportUDPReader.h */,
				5421E61C0F6C3F98004BBDB4 /* TransportUDPReader.cpp */,
				9A62072D0F6C3FE2009576A1 /* TransportUDPWriter.h */,
				9A62072E0F6C3FE2009576A1 /* TransportUDPWriter.cpp */,
				5421E35E0F6C13CC004BBDB4 /* TransportTCPReader.h */,
				5421E35F0F6C13CC004BBDB4 /* TransportTCPReader.cpp */,
				9A6205110F6C1A11009576A1 /* TransportTCPWriter.h */,
				9A6206230F6C30A3009576A1 /* TransportTCPWriter.cpp */,
				9A62050B0F6C1789009576A1 /* TCPServer.h */,
				9A62050A0F6C1789009576A1 /* TCPServer.cpp */,
				9A6205090F6C1789009576A1 /* TCPConn.h */,
			);
			path = Transport;
			sourceTree = "<group>";
		};
		544611EE0F533FAB00EFBBDE /* Test */ = {
			isa = PBXGroup;
			children = (
				544611EF0F533FAB00EFBBDE /* AsyncDBTest.cpp */,
				544611F00F533FAB00EFBBDE /* IOTest.cpp */,
				544611F10F533FAB00EFBBDE /* OpenDirect.cpp */,
				544611F20F533FAB00EFBBDE /* PaxosTester.c */,
				544611F30F533FAB00EFBBDE /* Test.c */,
				544611F40F533FAB00EFBBDE /* Test.h */,
				544611F50F533FAB00EFBBDE /* ThreadPoolTest.cpp */,
				544611F60F533FAB00EFBBDE /* UDPEchoClient.c */,
				9A2727000F692B4800EE25E2 /* UDPTestClient.c */,
				9A27231B0F5F9BBE00EE25E2 /* TableVisitorTest.cpp */,
				9A2724300F654C5400EE25E2 /* Test.agazso.cpp */,
				9ADC98430F7C004E0025A7AB /* QueueTest.cpp */,
			);
			path = Test;
			sourceTree = "<group>";
		};
		5446122A0F53488D00EFBBDE /* Keyspace */ = {
			isa = PBXGroup;
			children = (
				5446122B0F53488D00EFBBDE /* Database */,
				5421DCC00F648B86004BBDB4 /* Protocol */,
			);
			path = Keyspace;
			sourceTree = "<group>";
		};
		5446122B0F53488D00EFBBDE /* Database */ = {
			isa = PBXGroup;
			children = (
				547A75E20F7589B8003084C9 /* Catchup */,
				547A75AC0F756FA1003084C9 /* KeyspaceConsts.h */,
				545C60570F797BA3006540BC /* KeyspaceMsg.h */,
				545C60580F797BA3006540BC /* KeyspaceMsg.cpp */,
				545C60330F7979B4006540BC /* KeyspaceClient.h */,
				5446122C0F53488D00EFBBDE /* KeyspaceDB.h */,
				5421D00E0F573DD7004BBDB4 /* KeyspaceDB.cpp */,
			);
			path = Database;
			sourceTree = "<group>";
		};
		545C76710F8F816A006540BC /* Keyspace */ = {
			isa = PBXGroup;
			children = (
				545C76720F8F8180006540BC /* KeyspaceClientMsg.h */,
				545C76730F8F8180006540BC /* KeyspaceClientMsg.cpp */,
				5449D4500F90B5CE00F95C2F /* KeyspaceServer.h */,
				5449D4510F90B5CE00F95C2F /* KeyspaceServer.cpp */,
				5449D4590F90B66000F95C2F /* KeyspaceConn.h */,
				5449D45A0F90B66000F95C2F /* KeyspaceConn.cpp */,
			);
			path = Keyspace;
			sourceTree = "<group>";
		};
		547A75E20F7589B8003084C9 /* Catchup */ = {
			isa = PBXGroup;
			children = (
				547A75F20F758C3D003084C9 /* CatchupMsg.h */,
				547A75F30F758C3D003084C9 /* CatchupMsg.cpp */,
				547A75F60F758C3D003084C9 /* CatchupServer.h */,
				547A75F50F758C3D003084C9 /* CatchupServer.cpp */,
				547A762F0F765B9C003084C9 /* CatchupConn.h */,
				547A76300F765B9C003084C9 /* CatchupConn.cpp */,
				547A75F70F758C3D003084C9 /* CatchupClient.h */,
				547A75F40F758C3D003084C9 /* CatchupClient.cpp */,
			);
			path = Catchup;
			sourceTree = "<group>";
		};
		548146F90F31B6B200F3D2B6 /* src */ = {
			isa = PBXGroup;
			children = (
				548146FE0F31B6B200F3D2B6 /* Application */,
				548147140F31B6B200F3D2B6 /* Framework */,
				5481472D0F31B6B200F3D2B6 /* System */,
				544611EE0F533FAB00EFBBDE /* Test */,
				548147110F31B6B200F3D2B6 /* bugs.txt */,
				548147120F31B6B200F3D2B6 /* dump.txt */,
				548147490F31B6B200F3D2B6 /* todo.txt */,
				5481472C0F31B6B200F3D2B6 /* Main.cpp */,
			);
			path = src;
			sourceTree = "<group>";
		};
		548146FE0F31B6B200F3D2B6 /* Application */ = {
			isa = PBXGroup;
			children = (
				9AF501EF0F88223C00F7F49E /* Tools */,
				9ADCA0240F82D4860025A7AB /* Fuse */,
				9A6204DA0F6C098F009576A1 /* HubSim */,
				5446122A0F53488D00EFBBDE /* Keyspace */,
				5406777B0F3C48FD00E80088 /* TestDB */,
				548146FF0F31B6B200F3D2B6 /* EchoServer */,
			);
			path = Application;
			sourceTree = "<group>";
		};
		548146FF0F31B6B200F3D2B6 /* EchoServer */ = {
			isa = PBXGroup;
			children = (
				548147050F31B6B200F3D2B6 /* UDPEchoServer.h */,
				548147040F31B6B200F3D2B6 /* UDPEchoServer.cpp */,
				548147030F31B6B200F3D2B6 /* TCPEchoServer.h */,
				548147020F31B6B200F3D2B6 /* TCPEchoServer.cpp */,
				548147010F31B6B200F3D2B6 /* TCPEchoConn.h */,
				548147000F31B6B200F3D2B6 /* TCPEchoConn.cpp */,
			);
			path = EchoServer;
			sourceTree = "<group>";
		};
		548147140F31B6B200F3D2B6 /* Framework */ = {
			isa = PBXGroup;
			children = (
				5421E3440F6C130E004BBDB4 /* Transport */,
				9A22A3FA0F40AD2C002648C6 /* AsyncDatabase */,
				548147150F31B6B200F3D2B6 /* Database */,
				5421D3850F5EAD65004BBDB4 /* PaxosLease */,
				5481471F0F31B6B200F3D2B6 /* Paxos */,
				548147270F31B6B200F3D2B6 /* ReplicatedLog */,
				54814D440F35DD7400F3D2B6 /* ReplicatedDB */,
			);
			path = Framework;
			sourceTree = "<group>";
		};
		548147150F31B6B200F3D2B6 /* Database */ = {
			isa = PBXGroup;
			children = (
				548147190F31B6B200F3D2B6 /* Table.h */,
				548147180F31B6B200F3D2B6 /* Table.cpp */,
				54814BFE0F35084500F3D2B6 /* Transaction.h */,
				54814BFF0F35084500F3D2B6 /* Transaction.cpp */,
				548147170F31B6B200F3D2B6 /* Database.h */,
				548147160F31B6B200F3D2B6 /* Database.cpp */,
				547A765E0F7680D6003084C9 /* Cursor.h */,
				547A765F0F7680D6003084C9 /* Cursor.cpp */,
			);
			path = Database;
			sourceTree = "<group>";
		};
		5481471F0F31B6B200F3D2B6 /* Paxos */ = {
			isa = PBXGroup;
			children = (
				5421D6B10F63092E004BBDB4 /* PaxosConsts.h */,
				548147210F31B6B200F3D2B6 /* PaxosConfig.h */,
				548147200F31B6B200F3D2B6 /* PaxosConfig.cpp */,
				548147250F31B6B200F3D2B6 /* PaxosMsg.h */,
				548147240F31B6B200F3D2B6 /* PaxosMsg.cpp */,
				548147260F31B6B200F3D2B6 /* PaxosState.h */,
				5421D1480F5C5ED9004BBDB4 /* PaxosProposer.h */,
				5421D1490F5C5ED9004BBDB4 /* PaxosProposer.cpp */,
				5421D14C0F5C5F1B004BBDB4 /* PaxosAcceptor.h */,
				5421D14D0F5C5F1B004BBDB4 /* PaxosAcceptor.cpp */,
				5421D81B0F6424CE004BBDB4 /* PaxosLearner.h */,
				5421D81C0F6424CE004BBDB4 /* PaxosLearner.cpp */,
			);
			path = Paxos;
			sourceTree = "<group>";
		};
		548147270F31B6B200F3D2B6 /* ReplicatedLog */ = {
			isa = PBXGroup;
			children = (
				5421E1040F68121B004BBDB4 /* ReplicatedLogMsg.h */,
				5421E1050F68121B004BBDB4 /* ReplicatedLogMsg.cpp */,
				548147290F31B6B200F3D2B6 /* LogCache.h */,
				548147280F31B6B200F3D2B6 /* LogCache.cpp */,
				54AFE4670F39B241001EE6B4 /* LogQueue.h */,
				54AFE4680F39B241001EE6B4 /* LogQueue.cpp */,
				5481472B0F31B6B200F3D2B6 /* ReplicatedLog.h */,
				5481472A0F31B6B200F3D2B6 /* ReplicatedLog.cpp */,
			);
			path = ReplicatedLog;
			sourceTree = "<group>";
		};
		5481472D0F31B6B200F3D2B6 /* System */ = {
			isa = PBXGroup;
			children = (
				548147310F31B6B200F3D2B6 /* Containers */,
				548147340F31B6B200F3D2B6 /* Events */,
				5481473A0F31B6B200F3D2B6 /* IO */,
				5481472E0F31B6B200F3D2B6 /* Buffer.h */,
				548147300F31B6B200F3D2B6 /* Common.h */,
				5481472F0F31B6B200F3D2B6 /* Common.cpp */,
				9A89F5860F3F444C0041D4A1 /* ThreadPool.h */,
				9A89F5870F3F444C0041D4A1 /* ThreadPool.cpp */,
				548147440F31B6B200F3D2B6 /* Log.h */,
				548147430F31B6B200F3D2B6 /* Log.cpp */,
				548147450F31B6B200F3D2B6 /* Platform.h */,
				548147460F31B6B200F3D2B6 /* Stopwatch.h */,
				548147470F31B6B200F3D2B6 /* Time.h */,
				9AF508670F8AB05300F7F49E /* Config.h */,
				9AF508680F8AB05300F7F49E /* Config.cpp */,
			);
			path = System;
			sourceTree = "<group>";
		};
		548147310F31B6B200F3D2B6 /* Containers */ = {
			isa = PBXGroup;
			children = (
				548147320F31B6B200F3D2B6 /* List.h */,
				548147330F31B6B200F3D2B6 /* SortedList.h */,
				9ADC98040F7BFBA50025A7AB /* Queue.h */,
				9ADC98A80F7D9EFA0025A7AB /* LinkedList.h */,
			);
			path = Containers;
			sourceTree = "<group>";
		};
		548147340F31B6B200F3D2B6 /* Events */ = {
			isa = PBXGroup;
			children = (
				548147350F31B6B200F3D2B6 /* Callable.h */,
				548147360F31B6B200F3D2B6 /* EventLoop.h */,
				9ADC9AD20F7E89330025A7AB /* EventLoop.cpp */,
				548147380F31B6B200F3D2B6 /* Scheduler.h */,
				548147370F31B6B200F3D2B6 /* Scheduler.cpp */,
				548147390F31B6B200F3D2B6 /* Timer.h */,
			);
			path = Events;
			sourceTree = "<group>";
		};
		5481473A0F31B6B200F3D2B6 /* IO */ = {
			isa = PBXGroup;
			children = (
				5481473C0F31B6B200F3D2B6 /* Endpoint.h */,
				5481473B0F31B6B200F3D2B6 /* Endpoint.cpp */,
				5481473D0F31B6B200F3D2B6 /* IOOperation.h */,
				5481473E0F31B6B200F3D2B6 /* IOProcessor.h */,
				5481473F0F31B6B200F3D2B6 /* IOProcessor_Darwin.cpp */,
				548147400F31B6B200F3D2B6 /* IOProcessor_Linux.cpp */,
				548147420F31B6B200F3D2B6 /* Socket.h */,
				548147410F31B6B200F3D2B6 /* Socket.cpp */,
			);
			path = IO;
			sourceTree = "<group>";
		};
		54814D440F35DD7400F3D2B6 /* ReplicatedDB */ = {
			isa = PBXGroup;
			children = (
				54814D450F35DD9400F3D2B6 /* ReplicatedDB.h */,
			);
			path = ReplicatedDB;
			sourceTree = "<group>";
		};
		9A22A3FA0F40AD2C002648C6 /* AsyncDatabase */ = {
			isa = PBXGroup;
			children = (
				9A22A4F50F518FFB002648C6 /* MultiDatabaseOp.h */,
				9A22A4F40F518FFB002648C6 /* MultiDatabaseOp.cpp */,
				9A22A3FB0F40AD59002648C6 /* AsyncDatabase.h */,
				9A22A3FC0F40AD59002648C6 /* AsyncDatabase.cpp */,
			);
			name = AsyncDatabase;
			sourceTree = "<group>";
		};
		9A6204DA0F6C098F009576A1 /* HubSim */ = {
			isa = PBXGroup;
			children = (
				9A6204DB0F6C09B0009576A1 /* HubSim.cpp */,
				9A6204DC0F6C09B0009576A1 /* HubSim.h */,
				9A6204DD0F6C09B0009576A1 /* Link.h */,
				9A6204DE0F6C09B0009576A1 /* Main.cpp */,
			);
			name = HubSim;
			sourceTree = "<group>";
		};
		9ADCA0240F82D4860025A7AB /* Fuse */ = {
			isa = PBXGroup;
			children = (
				9ADCA0290F82D6EE0025A7AB /* HttpClient.h */,
				9ADCA02A0F82D6EE0025A7AB /* HttpClient.cpp */,
				9ADCA07E0F8385580025A7AB /* Channel.h */,
				9ADCA07F0F8385580025A7AB /* Channel.cpp */,
				9AF501080F83953500F7F49E /* kdbfs.h */,
				9AF501090F83953500F7F49E /* kdbfs.cpp */,
				9ADCA0250F82D5980025A7AB /* kdbfs_main.c */,
			);
			path = Fuse;
			sourceTree = "<group>";
		};
		9AF501EF0F88223C00F7F49E /* Tools */ = {
			isa = PBXGroup;
			children = (
				9AF501F00F88223C00F7F49E /* BDBTool */,
			);
			path = Tools;
			sourceTree = "<group>";
		};
		9AF501F00F88223C00F7F49E /* BDBTool */ = {
			isa = PBXGroup;
			children = (
				9AF501F10F88226400F7F49E /* BDBTool.cpp */,
			);
			name = BDBTool;
			path = BDBDump;
			sourceTree = "<group>";
		};
		C6A0FF2B0290797F04C91782 /* Documentation */ = {
			isa = PBXGroup;
			children = (
				C6A0FF2C0290799A04C91782 /* Keyspace.1 */,
			);
			name = Documentation;
			sourceTree = "<group>";
		};
/* End PBXGroup section */

/* Begin PBXNativeTarget section */
		54460CD30F5198E800EFBBDE /* AsyncDBTest */ = {
			isa = PBXNativeTarget;
			buildConfigurationList = 54460CD90F51990600EFBBDE /* Build configuration list for PBXNativeTarget "AsyncDBTest" */;
			buildPhases = (
				54460CD10F5198E800EFBBDE /* Sources */,
				54460CD20F5198E800EFBBDE /* Frameworks */,
			);
			buildRules = (
			);
			dependencies = (
			);
			name = AsyncDBTest;
			productName = AsyncDBTest;
			productReference = 54460CD40F5198E800EFBBDE /* AsyncDBTest */;
			productType = "com.apple.product-type.tool";
		};
		8DD76FA90486AB0100D96B5E /* Keyspace */ = {
			isa = PBXNativeTarget;
			buildConfigurationList = 1DEB928508733DD80010E9CD /* Build configuration list for PBXNativeTarget "Keyspace" */;
			buildPhases = (
				8DD76FAB0486AB0100D96B5E /* Sources */,
				8DD76FAD0486AB0100D96B5E /* Frameworks */,
				8DD76FAF0486AB0100D96B5E /* CopyFiles */,
			);
			buildRules = (
			);
			dependencies = (
			);
			name = Keyspace;
			productInstallPath = "$(HOME)/bin";
			productName = Keyspace;
			productReference = 8DD76FB20486AB0100D96B5E /* Keyspace */;
			productType = "com.apple.product-type.tool";
		};
		9A2723160F5F9B9F00EE25E2 /* TableVisitorTest */ = {
			isa = PBXNativeTarget;
			buildConfigurationList = 9A27231D0F5F9BBF00EE25E2 /* Build configuration list for PBXNativeTarget "TableVisitorTest" */;
			buildPhases = (
				9A2723140F5F9B9F00EE25E2 /* Sources */,
				9A2723150F5F9B9F00EE25E2 /* Frameworks */,
			);
			buildRules = (
			);
			dependencies = (
			);
			name = TableVisitorTest;
			productName = TableVisitorTest;
			productReference = 9A2723170F5F9B9F00EE25E2 /* TableVisitorTest */;
			productType = "com.apple.product-type.tool";
		};
		9A2724290F65480E00EE25E2 /* Test.agazso */ = {
			isa = PBXNativeTarget;
			buildConfigurationList = 9A27242E0F65482D00EE25E2 /* Build configuration list for PBXNativeTarget "Test.agazso" */;
			buildPhases = (
				9A2724270F65480E00EE25E2 /* Sources */,
				9A2724280F65480E00EE25E2 /* Frameworks */,
			);
			buildRules = (
			);
			dependencies = (
			);
			name = Test.agazso;
			productName = Test.agazso;
			productReference = 9A27242A0F65480E00EE25E2 /* Test.agazso */;
			productType = "com.apple.product-type.tool";
		};
		9A2725170F65AA4000EE25E2 /* HubSim */ = {
			isa = PBXNativeTarget;
			buildConfigurationList = 9A27251E0F65AA5300EE25E2 /* Build configuration list for PBXNativeTarget "HubSim" */;
			buildPhases = (
				9A2725150F65AA4000EE25E2 /* Sources */,
				9A2725160F65AA4000EE25E2 /* Frameworks */,
			);
			buildRules = (
			);
			dependencies = (
			);
			name = HubSim;
			productName = HubSim;
			productReference = 9A2725180F65AA4000EE25E2 /* HubSim */;
			productType = "com.apple.product-type.tool";
		};
		9ADC98470F7C00960025A7AB /* QueueTest */ = {
			isa = PBXNativeTarget;
			buildConfigurationList = 9ADC984C0F7C00B50025A7AB /* Build configuration list for PBXNativeTarget "QueueTest" */;
			buildPhases = (
				9ADC98450F7C00960025A7AB /* Sources */,
				9ADC98460F7C00960025A7AB /* Frameworks */,
			);
			buildRules = (
			);
			dependencies = (
			);
			name = QueueTest;
			productName = QueueTest;
			productReference = 9ADC98480F7C00960025A7AB /* QueueTest */;
			productType = "com.apple.product-type.tool";
		};
		9ADCA04A0F82D7C90025A7AB /* Kdbfs */ = {
			isa = PBXNativeTarget;
			buildConfigurationList = 9ADCA0520F82D83B0025A7AB /* Build configuration list for PBXNativeTarget "Kdbfs" */;
			buildPhases = (
				9ADCA0480F82D7C90025A7AB /* Sources */,
				9ADCA0490F82D7C90025A7AB /* Frameworks */,
			);
			buildRules = (
			);
			dependencies = (
			);
			name = Kdbfs;
			productName = Kdbfs;
			productReference = 9ADCA04B0F82D7C90025A7AB /* Kdbfs */;
			productType = "com.apple.product-type.tool";
		};
		9AF501F40F88229800F7F49E /* BDBTool */ = {
			isa = PBXNativeTarget;
			buildConfigurationList = 9AF501F90F8822B700F7F49E /* Build configuration list for PBXNativeTarget "BDBTool" */;
			buildPhases = (
				9AF501F20F88229800F7F49E /* Sources */,
				9AF501F30F88229800F7F49E /* Frameworks */,
			);
			buildRules = (
			);
			dependencies = (
			);
			name = BDBTool;
			productName = bdbdump;
			productReference = 9AF501F50F88229800F7F49E /* bdblist */;
			productType = "com.apple.product-type.tool";
		};
/* End PBXNativeTarget section */

/* Begin PBXProject section */
		08FB7793FE84155DC02AAC07 /* Project object */ = {
			isa = PBXProject;
			buildConfigurationList = 1DEB928908733DD80010E9CD /* Build configuration list for PBXProject "Keyspace" */;
			compatibilityVersion = "Xcode 3.0";
			hasScannedForEncodings = 1;
			mainGroup = 08FB7794FE84155DC02AAC07 /* Keyspace */;
			projectDirPath = "";
			projectRoot = "";
			targets = (
				8DD76FA90486AB0100D96B5E /* Keyspace */,
				54460CD30F5198E800EFBBDE /* AsyncDBTest */,
				9A2723160F5F9B9F00EE25E2 /* TableVisitorTest */,
				9A2724290F65480E00EE25E2 /* Test.agazso */,
				9A2725170F65AA4000EE25E2 /* HubSim */,
				9ADC98470F7C00960025A7AB /* QueueTest */,
				9ADCA04A0F82D7C90025A7AB /* Kdbfs */,
				9AF501F40F88229800F7F49E /* BDBTool */,
			);
		};
/* End PBXProject section */

/* Begin PBXSourcesBuildPhase section */
		54460CD10F5198E800EFBBDE /* Sources */ = {
			isa = PBXSourcesBuildPhase;
			buildActionMask = 2147483647;
			files = (
				54460CEF0F519A4800EFBBDE /* AsyncDatabase.cpp in Sources */,
				54460CF10F519A8000EFBBDE /* ThreadPool.cpp in Sources */,
				54460CF20F519A8900EFBBDE /* MultiDatabaseOp.cpp in Sources */,
				54460CF40F519A9200EFBBDE /* Table.cpp in Sources */,
				54460CF50F519A9700EFBBDE /* Transaction.cpp in Sources */,
				54460CF60F519A9F00EFBBDE /* Database.cpp in Sources */,
				54460CFA0F519AB600EFBBDE /* IOProcessor_Darwin.cpp in Sources */,
				54460CFC0F519AC200EFBBDE /* Log.cpp in Sources */,
				54460E3A0F51A5C500EFBBDE /* Scheduler.cpp in Sources */,
				544611F70F533FAB00EFBBDE /* AsyncDBTest.cpp in Sources */,
				544611FB0F533FAB00EFBBDE /* Test.c in Sources */,
				9AF504260F8A2E7500F7F49E /* EventLoop.cpp in Sources */,
			);
			runOnlyForDeploymentPostprocessing = 0;
		};
		8DD76FAB0486AB0100D96B5E /* Sources */ = {
			isa = PBXSourcesBuildPhase;
			buildActionMask = 2147483647;
			files = (
				5481474A0F31B6B200F3D2B6 /* TCPEchoConn.cpp in Sources */,
				5481474B0F31B6B200F3D2B6 /* TCPEchoServer.cpp in Sources */,
				5481474C0F31B6B200F3D2B6 /* UDPEchoServer.cpp in Sources */,
				548147520F31B6B300F3D2B6 /* Database.cpp in Sources */,
				548147530F31B6B300F3D2B6 /* Table.cpp in Sources */,
				548147560F31B6B300F3D2B6 /* PaxosConfig.cpp in Sources */,
				548147580F31B6B300F3D2B6 /* PaxosMsg.cpp in Sources */,
				548147590F31B6B300F3D2B6 /* LogCache.cpp in Sources */,
				5481475A0F31B6B300F3D2B6 /* ReplicatedLog.cpp in Sources */,
				5481475B0F31B6B300F3D2B6 /* Main.cpp in Sources */,
				5481475C0F31B6B300F3D2B6 /* Common.cpp in Sources */,
				5481475D0F31B6B300F3D2B6 /* Scheduler.cpp in Sources */,
				5481475E0F31B6B300F3D2B6 /* Endpoint.cpp in Sources */,
				5481475F0F31B6B300F3D2B6 /* IOProcessor_Darwin.cpp in Sources */,
				548147600F31B6B300F3D2B6 /* IOProcessor_Linux.cpp in Sources */,
				548147610F31B6B300F3D2B6 /* Socket.cpp in Sources */,
				548147620F31B6B300F3D2B6 /* Log.cpp in Sources */,
				54814C000F35084500F3D2B6 /* Transaction.cpp in Sources */,
				54AFE4690F39B241001EE6B4 /* LogQueue.cpp in Sources */,
				5406777E0F3C48FD00E80088 /* TestDB.cpp in Sources */,
				9A89F5880F3F444C0041D4A1 /* ThreadPool.cpp in Sources */,
				9A22A3FD0F40AD59002648C6 /* AsyncDatabase.cpp in Sources */,
				9A22A4F60F518FFB002648C6 /* MultiDatabaseOp.cpp in Sources */,
				5421D00F0F573DD7004BBDB4 /* KeyspaceDB.cpp in Sources */,
				5421D14A0F5C5ED9004BBDB4 /* PaxosProposer.cpp in Sources */,
				5421D14E0F5C5F1B004BBDB4 /* PaxosAcceptor.cpp in Sources */,
				5421D3880F5EAD7F004BBDB4 /* PLeaseMsg.cpp in Sources */,
				5421D38C0F5EADB2004BBDB4 /* PLeaseProposer.cpp in Sources */,
				5421D38F0F5EADBE004BBDB4 /* PLeaseAcceptor.cpp in Sources */,
				5421D56B0F61DB32004BBDB4 /* PLeaseLearner.cpp in Sources */,
				5421D5AB0F61DE2A004BBDB4 /* PaxosLease.cpp in Sources */,
				5421D81D0F6424CE004BBDB4 /* PaxosLearner.cpp in Sources */,
				5421DCD00F648B86004BBDB4 /* HttpConn.cpp in Sources */,
				5421DCD10F648B86004BBDB4 /* HttpRequest.cpp in Sources */,
				5421DCD20F648B86004BBDB4 /* HttpServer.cpp in Sources */,
				5421DCD30F648B86004BBDB4 /* IMF.cpp in Sources */,
				5421DCD40F648B86004BBDB4 /* MemcacheConn.cpp in Sources */,
				5421DCD50F648B86004BBDB4 /* MemcacheServer.cpp in Sources */,
				5421E1060F68121B004BBDB4 /* ReplicatedLogMsg.cpp in Sources */,
				5421E3600F6C13CC004BBDB4 /* TransportTCPReader.cpp in Sources */,
				5421E3F30F6C1E50004BBDB4 /* TCPServer.cpp in Sources */,
				5421E61D0F6C3F98004BBDB4 /* TransportUDPReader.cpp in Sources */,
				5421E7E20F6D2E84004BBDB4 /* TransportUDPWriter.cpp in Sources */,
				5421EA7B0F6DA0D8004BBDB4 /* TransportTCPWriter.cpp in Sources */,
				547A75F80F758C3D003084C9 /* CatchupMsg.cpp in Sources */,
				547A75F90F758C3D003084C9 /* CatchupClient.cpp in Sources */,
				547A75FA0F758C3D003084C9 /* CatchupServer.cpp in Sources */,
				547A76310F765B9C003084C9 /* CatchupConn.cpp in Sources */,
				547A76600F7680D6003084C9 /* Cursor.cpp in Sources */,
				545C60590F797BA3006540BC /* KeyspaceMsg.cpp in Sources */,
				9ADC9AD40F7E89330025A7AB /* EventLoop.cpp in Sources */,
				9AF508690F8AB05300F7F49E /* Config.cpp in Sources */,
				545C76740F8F8180006540BC /* KeyspaceClientMsg.cpp in Sources */,
				5449D4520F90B5CE00F95C2F /* KeyspaceServer.cpp in Sources */,
				5449D45B0F90B66000F95C2F /* KeyspaceConn.cpp in Sources */,
			);
			runOnlyForDeploymentPostprocessing = 0;
		};
		9A2723140F5F9B9F00EE25E2 /* Sources */ = {
			isa = PBXSourcesBuildPhase;
			buildActionMask = 2147483647;
			files = (
				9A27231C0F5F9BBE00EE25E2 /* TableVisitorTest.cpp in Sources */,
				9A2723220F5F9D7900EE25E2 /* Test.c in Sources */,
				9A2723230F5F9D8900EE25E2 /* Database.cpp in Sources */,
				9A2723240F5F9D9F00EE25E2 /* Table.cpp in Sources */,
				9A05218B0F78633D0066338D /* Common.cpp in Sources */,
			);
			runOnlyForDeploymentPostprocessing = 0;
		};
		9A2724270F65480E00EE25E2 /* Sources */ = {
			isa = PBXSourcesBuildPhase;
			buildActionMask = 2147483647;
			files = (
				9A2724310F654C5400EE25E2 /* Test.agazso.cpp in Sources */,
				9A2724340F654FEA00EE25E2 /* KeyspaceDB.cpp in Sources */,
				9A2724350F654FF100EE25E2 /* MemcacheServer.cpp in Sources */,
				9A27245E0F6550B300EE25E2 /* HttpConn.cpp in Sources */,
				9A27245F0F6550B300EE25E2 /* HttpRequest.cpp in Sources */,
				9A2724600F6550B300EE25E2 /* IMF.cpp in Sources */,
				9A2724630F6550E000EE25E2 /* MemcacheConn.cpp in Sources */,
				9A2724640F6550E000EE25E2 /* MultiDatabaseOp.cpp in Sources */,
				9A2724650F6550E000EE25E2 /* IOProcessor_Darwin.cpp in Sources */,
				9A2724660F6550E000EE25E2 /* Socket.cpp in Sources */,
				9A2724680F6550FB00EE25E2 /* Table.cpp in Sources */,
				9A2724690F6550FB00EE25E2 /* Transaction.cpp in Sources */,
				9A27246A0F6550FB00EE25E2 /* Database.cpp in Sources */,
				9A27246D0F65517100EE25E2 /* Log.cpp in Sources */,
				9A27246F0F6551B100EE25E2 /* AsyncDatabase.cpp in Sources */,
				9A2724700F6551B100EE25E2 /* Scheduler.cpp in Sources */,
				9A2724720F6551C600EE25E2 /* Common.cpp in Sources */,
				9A2724730F6551C600EE25E2 /* ThreadPool.cpp in Sources */,
				9A2724750F6551D100EE25E2 /* HttpServer.cpp in Sources */,
				9A62050C0F6C1789009576A1 /* TCPServer.cpp in Sources */,
				9A6206240F6C30A3009576A1 /* TransportTCPWriter.cpp in Sources */,
				9A6206290F6C3583009576A1 /* Endpoint.cpp in Sources */,
				9ADC9A3A0F7E77F60025A7AB /* KeyspaceMsg.cpp in Sources */,
				9ADC9A3B0F7E780D0025A7AB /* CatchupClient.cpp in Sources */,
				9ADC9A3D0F7E781C0025A7AB /* ReplicatedLog.cpp in Sources */,
				9ADC9A3F0F7E789B0025A7AB /* CatchupMsg.cpp in Sources */,
				9ADC9A400F7E789B0025A7AB /* CatchupServer.cpp in Sources */,
				9ADC9A410F7E789B0025A7AB /* PaxosLease.cpp in Sources */,
				9ADC9A420F7E789B0025A7AB /* PaxosConfig.cpp in Sources */,
				9ADC9A430F7E789B0025A7AB /* PaxosMsg.cpp in Sources */,
				9ADC9A440F7E789B0025A7AB /* PaxosProposer.cpp in Sources */,
				9ADC9A450F7E789B0025A7AB /* PaxosAcceptor.cpp in Sources */,
				9ADC9A460F7E789B0025A7AB /* PaxosLearner.cpp in Sources */,
				9ADC9A470F7E789B0025A7AB /* ReplicatedLogMsg.cpp in Sources */,
				9ADC9A480F7E789B0025A7AB /* LogCache.cpp in Sources */,
				9ADC9A490F7E789B0025A7AB /* LogQueue.cpp in Sources */,
				9ADC9A510F7E78D80025A7AB /* CatchupConn.cpp in Sources */,
				9ADC9A520F7E78D80025A7AB /* TransportUDPWriter.cpp in Sources */,
				9ADC9A530F7E78D80025A7AB /* TransportTCPReader.cpp in Sources */,
				9ADC9A540F7E78D80025A7AB /* PLeaseMsg.cpp in Sources */,
				9ADC9A550F7E78D80025A7AB /* PLeaseProposer.cpp in Sources */,
				9ADC9A560F7E78D80025A7AB /* PLeaseAcceptor.cpp in Sources */,
				9ADC9A570F7E78D80025A7AB /* PLeaseLearner.cpp in Sources */,
				9ADC9A590F7E78ED0025A7AB /* TransportUDPReader.cpp in Sources */,
				9ADC9A5A0F7E78ED0025A7AB /* Cursor.cpp in Sources */,
				9ADC9AD30F7E89330025A7AB /* EventLoop.cpp in Sources */,
			);
			runOnlyForDeploymentPostprocessing = 0;
		};
		9A2725150F65AA4000EE25E2 /* Sources */ = {
			isa = PBXSourcesBuildPhase;
			buildActionMask = 2147483647;
			files = (
				9A2725AF0F66E45800EE25E2 /* Scheduler.cpp in Sources */,
				9A2725B00F66E45800EE25E2 /* IOProcessor_Darwin.cpp in Sources */,
				9A2725B10F66E45800EE25E2 /* Socket.cpp in Sources */,
				9A2725B20F66E45800EE25E2 /* Log.cpp in Sources */,
				9A27267F0F69285400EE25E2 /* Endpoint.cpp in Sources */,
				9A6204DF0F6C09B0009576A1 /* HubSim.cpp in Sources */,
				9A6204E00F6C09B0009576A1 /* Main.cpp in Sources */,
				9AF504A70F8A2FA300F7F49E /* EventLoop.cpp in Sources */,
			);
			runOnlyForDeploymentPostprocessing = 0;
		};
		9ADC98450F7C00960025A7AB /* Sources */ = {
			isa = PBXSourcesBuildPhase;
			buildActionMask = 2147483647;
			files = (
				9ADC984D0F7C00C50025A7AB /* QueueTest.cpp in Sources */,
				9ADC98670F7C01C10025A7AB /* Test.c in Sources */,
			);
			runOnlyForDeploymentPostprocessing = 0;
		};
		9ADCA0480F82D7C90025A7AB /* Sources */ = {
			isa = PBXSourcesBuildPhase;
			buildActionMask = 2147483647;
			files = (
				9ADCA0800F8385580025A7AB /* Channel.cpp in Sources */,
				9AF5010A0F83953500F7F49E /* kdbfs.cpp in Sources */,
				9AF5011A0F83A9F600F7F49E /* HttpClient.cpp in Sources */,
				9AF5011B0F83A9F600F7F49E /* IMF.cpp in Sources */,
				9AF5011C0F83A9F600F7F49E /* EventLoop.cpp in Sources */,
				9AF5011D0F83A9F600F7F49E /* Scheduler.cpp in Sources */,
				9AF5011E0F83A9F600F7F49E /* IOProcessor_Darwin.cpp in Sources */,
				9AF5011F0F83A9F600F7F49E /* Socket.cpp in Sources */,
				9AF501200F83A9F600F7F49E /* Log.cpp in Sources */,
				9AF501220F83AA0100F7F49E /* HttpRequest.cpp in Sources */,
				9AF5012D0F85198E00F7F49E /* kdbfs_main.c in Sources */,
			);
			runOnlyForDeploymentPostprocessing = 0;
		};
		9AF501F20F88229800F7F49E /* Sources */ = {
			isa = PBXSourcesBuildPhase;
			buildActionMask = 2147483647;
			files = (
				9AF501FD0F8826A900F7F49E /* BDBTool.cpp in Sources */,
				9AF502000F8826CC00F7F49E /* Table.cpp in Sources */,
				9AF502010F8826CC00F7F49E /* Database.cpp in Sources */,
				9AF507D90F8A725300F7F49E /* KeyspaceMsg.cpp in Sources */,
				9AF507DB0F8A726200F7F49E /* Common.cpp in Sources */,
			);
			runOnlyForDeploymentPostprocessing = 0;
		};
/* End PBXSourcesBuildPhase section */

/* Begin XCBuildConfiguration section */
		1DEB928608733DD80010E9CD /* Debug */ = {
			isa = XCBuildConfiguration;
			buildSettings = {
				COPY_PHASE_STRIP = NO;
				GCC_DYNAMIC_NO_PIC = NO;
				GCC_ENABLE_FIX_AND_CONTINUE = YES;
				GCC_MODEL_TUNING = G5;
				GCC_OPTIMIZATION_LEVEL = 0;
				INSTALL_PATH = /usr/local/bin;
				LIBRARY_SEARCH_PATHS = (
					"$(inherited)",
					/opt/local/lib/db46,
				);
				PRODUCT_NAME = Keyspace;
				ZERO_LINK = YES;
			};
			name = Debug;
		};
		1DEB928708733DD80010E9CD /* Release */ = {
			isa = XCBuildConfiguration;
			buildSettings = {
				DEBUG_INFORMATION_FORMAT = "dwarf-with-dsym";
				GCC_MODEL_TUNING = G5;
				INSTALL_PATH = /usr/local/bin;
				LIBRARY_SEARCH_PATHS = (
					"$(inherited)",
					/opt/local/lib/db46,
				);
				PRODUCT_NAME = Keyspace;
			};
			name = Release;
		};
		1DEB928A08733DD80010E9CD /* Debug */ = {
			isa = XCBuildConfiguration;
			buildSettings = {
				ALWAYS_SEARCH_USER_PATHS = NO;
				GCC_C_LANGUAGE_STANDARD = "compiler-default";
				GCC_WARN_ABOUT_MISSING_NEWLINE = YES;
				GCC_WARN_ABOUT_RETURN_TYPE = YES;
				GCC_WARN_ALLOW_INCOMPLETE_PROTOCOL = NO;
				GCC_WARN_CHECK_SWITCH_STATEMENTS = YES;
				GCC_WARN_EFFECTIVE_CPLUSPLUS_VIOLATIONS = NO;
				GCC_WARN_FOUR_CHARACTER_CONSTANTS = NO;
				GCC_WARN_PEDANTIC = NO;
				GCC_WARN_TYPECHECK_CALLS_TO_PRINTF = YES;
				GCC_WARN_UNINITIALIZED_AUTOS = NO;
				GCC_WARN_UNUSED_FUNCTION = YES;
				GCC_WARN_UNUSED_LABEL = YES;
				GCC_WARN_UNUSED_PARAMETER = YES;
				GCC_WARN_UNUSED_VALUE = YES;
				GCC_WARN_UNUSED_VARIABLE = YES;
				HEADER_SEARCH_PATHS = (
					/opt/local/include/db46,
					src,
				);
				LIBRARY_SEARCH_PATHS = /opt/local/lib/db46;
				OTHER_CFLAGS = "";
				OTHER_CPLUSPLUSFLAGS = (
					"-DPLATFORM_DARWIN",
					"-D__STDC_FORMAT_MACROS",
				);
				PREBINDING = NO;
				PRELINK_LIBS = db_cxx;
				SDKROOT = "$(DEVELOPER_SDK_DIR)/MacOSX10.5.sdk";
			};
			name = Debug;
		};
		1DEB928B08733DD80010E9CD /* Release */ = {
			isa = XCBuildConfiguration;
			buildSettings = {
				ALWAYS_SEARCH_USER_PATHS = NO;
				ARCHS = "$(NATIVE_ARCH)";
				GCC_C_LANGUAGE_STANDARD = "compiler-default";
				GCC_WARN_ABOUT_MISSING_NEWLINE = YES;
				GCC_WARN_ABOUT_RETURN_TYPE = YES;
				GCC_WARN_ALLOW_INCOMPLETE_PROTOCOL = NO;
				GCC_WARN_CHECK_SWITCH_STATEMENTS = YES;
				GCC_WARN_EFFECTIVE_CPLUSPLUS_VIOLATIONS = NO;
				GCC_WARN_FOUR_CHARACTER_CONSTANTS = NO;
				GCC_WARN_PEDANTIC = NO;
				GCC_WARN_TYPECHECK_CALLS_TO_PRINTF = YES;
				GCC_WARN_UNINITIALIZED_AUTOS = NO;
				GCC_WARN_UNUSED_FUNCTION = YES;
				GCC_WARN_UNUSED_LABEL = YES;
				GCC_WARN_UNUSED_PARAMETER = YES;
				GCC_WARN_UNUSED_VALUE = YES;
				GCC_WARN_UNUSED_VARIABLE = YES;
				HEADER_SEARCH_PATHS = (
					/opt/local/include/db46,
					src,
				);
				LIBRARY_SEARCH_PATHS = /opt/local/lib/db46;
				OTHER_CFLAGS = "";
				OTHER_CPLUSPLUSFLAGS = (
					"-DPLATFORM_DARWIN",
					"-D__STDC_FORMAT_MACROS",
				);
				PREBINDING = NO;
				PRELINK_LIBS = db_cxx;
				SDKROOT = "$(DEVELOPER_SDK_DIR)/MacOSX10.5.sdk";
			};
			name = Release;
		};
		54460CD60F5198E800EFBBDE /* Debug */ = {
			isa = XCBuildConfiguration;
			buildSettings = {
				COPY_PHASE_STRIP = NO;
				GCC_DYNAMIC_NO_PIC = NO;
				GCC_ENABLE_FIX_AND_CONTINUE = YES;
				GCC_MODEL_TUNING = G5;
				GCC_OPTIMIZATION_LEVEL = 0;
				INSTALL_PATH = /usr/local/bin;
				LIBRARY_SEARCH_PATHS = (
					"$(inherited)",
					/opt/local/lib/db46,
				);
				PREBINDING = NO;
				PRODUCT_NAME = AsyncDBTest;
				ZERO_LINK = YES;
			};
			name = Debug;
		};
		54460CD70F5198E800EFBBDE /* Release */ = {
			isa = XCBuildConfiguration;
			buildSettings = {
				COPY_PHASE_STRIP = YES;
				DEBUG_INFORMATION_FORMAT = "dwarf-with-dsym";
				GCC_ENABLE_FIX_AND_CONTINUE = NO;
				GCC_MODEL_TUNING = G5;
				INSTALL_PATH = /usr/local/bin;
				LIBRARY_SEARCH_PATHS = (
					"$(inherited)",
					/opt/local/lib/db46,
				);
				PREBINDING = NO;
				PRODUCT_NAME = AsyncDBTest;
				ZERO_LINK = NO;
			};
			name = Release;
		};
		9A2723190F5F9BA100EE25E2 /* Debug */ = {
			isa = XCBuildConfiguration;
			buildSettings = {
				ALWAYS_SEARCH_USER_PATHS = NO;
				COPY_PHASE_STRIP = NO;
				GCC_DYNAMIC_NO_PIC = NO;
				GCC_ENABLE_FIX_AND_CONTINUE = YES;
				GCC_MODEL_TUNING = G5;
				GCC_OPTIMIZATION_LEVEL = 0;
				INSTALL_PATH = /usr/local/bin;
				LIBRARY_SEARCH_PATHS = (
					"$(inherited)",
					/opt/local/lib/db46,
				);
				PREBINDING = NO;
				PRODUCT_NAME = TableVisitorTest;
			};
			name = Debug;
		};
		9A27231A0F5F9BA100EE25E2 /* Release */ = {
			isa = XCBuildConfiguration;
			buildSettings = {
				ALWAYS_SEARCH_USER_PATHS = NO;
				COPY_PHASE_STRIP = YES;
				DEBUG_INFORMATION_FORMAT = "dwarf-with-dsym";
				GCC_ENABLE_FIX_AND_CONTINUE = NO;
				GCC_MODEL_TUNING = G5;
				INSTALL_PATH = /usr/local/bin;
				LIBRARY_SEARCH_PATHS = (
					"$(inherited)",
					/opt/local/lib/db46,
				);
				PREBINDING = NO;
				PRODUCT_NAME = TableVisitorTest;
				ZERO_LINK = NO;
			};
			name = Release;
		};
		9A27242C0F65480F00EE25E2 /* Debug */ = {
			isa = XCBuildConfiguration;
			buildSettings = {
				ALWAYS_SEARCH_USER_PATHS = NO;
				COPY_PHASE_STRIP = NO;
				GCC_DYNAMIC_NO_PIC = NO;
				GCC_ENABLE_FIX_AND_CONTINUE = YES;
				GCC_MODEL_TUNING = G5;
				GCC_OPTIMIZATION_LEVEL = 0;
				INSTALL_PATH = /usr/local/bin;
				LIBRARY_SEARCH_PATHS = (
					"$(inherited)",
					/opt/local/lib/db46,
				);
				PREBINDING = NO;
				PRODUCT_NAME = Test.agazso;
			};
			name = Debug;
		};
		9A27242D0F65480F00EE25E2 /* Release */ = {
			isa = XCBuildConfiguration;
			buildSettings = {
				ALWAYS_SEARCH_USER_PATHS = NO;
				COPY_PHASE_STRIP = YES;
				DEBUG_INFORMATION_FORMAT = "dwarf-with-dsym";
				GCC_ENABLE_FIX_AND_CONTINUE = NO;
				GCC_MODEL_TUNING = G5;
				INSTALL_PATH = /usr/local/bin;
				LIBRARY_SEARCH_PATHS = (
					"$(inherited)",
					/opt/local/lib/db46,
				);
				PREBINDING = NO;
				PRODUCT_NAME = Test.agazso;
				ZERO_LINK = NO;
			};
			name = Release;
		};
		9A27251A0F65AA4100EE25E2 /* Debug */ = {
			isa = XCBuildConfiguration;
			buildSettings = {
				ALWAYS_SEARCH_USER_PATHS = NO;
				COPY_PHASE_STRIP = NO;
				GCC_DYNAMIC_NO_PIC = NO;
				GCC_ENABLE_FIX_AND_CONTINUE = YES;
				GCC_MODEL_TUNING = G5;
				GCC_OPTIMIZATION_LEVEL = 0;
				INSTALL_PATH = /usr/local/bin;
				PREBINDING = NO;
				PRODUCT_NAME = HubSim;
			};
			name = Debug;
		};
		9A27251B0F65AA4100EE25E2 /* Release */ = {
			isa = XCBuildConfiguration;
			buildSettings = {
				ALWAYS_SEARCH_USER_PATHS = NO;
				COPY_PHASE_STRIP = YES;
				DEBUG_INFORMATION_FORMAT = "dwarf-with-dsym";
				GCC_ENABLE_FIX_AND_CONTINUE = NO;
				GCC_MODEL_TUNING = G5;
				INSTALL_PATH = /usr/local/bin;
				PREBINDING = NO;
				PRODUCT_NAME = HubSim;
				ZERO_LINK = NO;
			};
			name = Release;
		};
		9ADC984A0F7C00970025A7AB /* Debug */ = {
			isa = XCBuildConfiguration;
			buildSettings = {
				ALWAYS_SEARCH_USER_PATHS = NO;
				COPY_PHASE_STRIP = NO;
				GCC_DYNAMIC_NO_PIC = NO;
				GCC_ENABLE_FIX_AND_CONTINUE = YES;
				GCC_MODEL_TUNING = G5;
				GCC_OPTIMIZATION_LEVEL = 0;
				INSTALL_PATH = /usr/local/bin;
				PREBINDING = NO;
				PRODUCT_NAME = QueueTest;
			};
			name = Debug;
		};
		9ADC984B0F7C00970025A7AB /* Release */ = {
			isa = XCBuildConfiguration;
			buildSettings = {
				ALWAYS_SEARCH_USER_PATHS = NO;
				COPY_PHASE_STRIP = YES;
				DEBUG_INFORMATION_FORMAT = "dwarf-with-dsym";
				GCC_ENABLE_FIX_AND_CONTINUE = NO;
				GCC_MODEL_TUNING = G5;
				INSTALL_PATH = /usr/local/bin;
				PREBINDING = NO;
				PRODUCT_NAME = QueueTest;
				ZERO_LINK = NO;
			};
			name = Release;
		};
		9ADCA04D0F82D7CA0025A7AB /* Debug */ = {
			isa = XCBuildConfiguration;
			buildSettings = {
				ALWAYS_SEARCH_USER_PATHS = NO;
				COPY_PHASE_STRIP = NO;
				GCC_DYNAMIC_NO_PIC = NO;
				GCC_ENABLE_FIX_AND_CONTINUE = YES;
				GCC_MODEL_TUNING = G5;
				GCC_OPTIMIZATION_LEVEL = 0;
				HEADER_SEARCH_PATHS = (
					/usr/local/include/fuse,
					/opt/local/include/db46,
					src,
				);
				INSTALL_PATH = /usr/local/bin;
				OTHER_CFLAGS = (
					"-D_FILE_OFFSET_BITS=64",
					"-D__FreeBSD__=10",
					"-DFUSE_USE_VERSION=26",
				);
				OTHER_CPLUSPLUSFLAGS = (
					"-DPLATFORM_DARWIN",
					"-D_FILE_OFFSET_BITS=64",
					"-D__FreeBSD__=10",
					"-DFUSE_USE_VERSION=26",
				);
				PREBINDING = NO;
				PRODUCT_NAME = Kdbfs;
			};
			name = Debug;
		};
		9ADCA04E0F82D7CA0025A7AB /* Release */ = {
			isa = XCBuildConfiguration;
			buildSettings = {
				ALWAYS_SEARCH_USER_PATHS = NO;
				COPY_PHASE_STRIP = YES;
				DEBUG_INFORMATION_FORMAT = "dwarf-with-dsym";
				GCC_ENABLE_FIX_AND_CONTINUE = NO;
				GCC_MODEL_TUNING = G5;
				INSTALL_PATH = /usr/local/bin;
				PREBINDING = NO;
				PRODUCT_NAME = Kdbfs;
				ZERO_LINK = NO;
			};
			name = Release;
		};
		9AF501F70F88229900F7F49E /* Debug */ = {
			isa = XCBuildConfiguration;
			buildSettings = {
				ALWAYS_SEARCH_USER_PATHS = NO;
				COPY_PHASE_STRIP = NO;
				GCC_DYNAMIC_NO_PIC = NO;
				GCC_ENABLE_FIX_AND_CONTINUE = YES;
				GCC_MODEL_TUNING = G5;
				GCC_OPTIMIZATION_LEVEL = 0;
				INSTALL_PATH = /usr/local/bin;
				LIBRARY_SEARCH_PATHS = (
					"$(inherited)",
					/opt/local/lib/db46,
				);
				PREBINDING = NO;
				PRODUCT_NAME = bdblist;
			};
			name = Debug;
		};
		9AF501F80F88229900F7F49E /* Release */ = {
			isa = XCBuildConfiguration;
			buildSettings = {
				ALWAYS_SEARCH_USER_PATHS = NO;
				COPY_PHASE_STRIP = YES;
				DEBUG_INFORMATION_FORMAT = "dwarf-with-dsym";
				GCC_ENABLE_FIX_AND_CONTINUE = NO;
				GCC_MODEL_TUNING = G5;
				INSTALL_PATH = /usr/local/bin;
				LIBRARY_SEARCH_PATHS = (
					"$(inherited)",
					/opt/local/lib/db46,
				);
				PREBINDING = NO;
				PRODUCT_NAME = bdbdump;
				ZERO_LINK = NO;
			};
			name = Release;
		};
/* End XCBuildConfiguration section */

/* Begin XCConfigurationList section */
		1DEB928508733DD80010E9CD /* Build configuration list for PBXNativeTarget "Keyspace" */ = {
			isa = XCConfigurationList;
			buildConfigurations = (
				1DEB928608733DD80010E9CD /* Debug */,
				1DEB928708733DD80010E9CD /* Release */,
			);
			defaultConfigurationIsVisible = 0;
			defaultConfigurationName = Release;
		};
		1DEB928908733DD80010E9CD /* Build configuration list for PBXProject "Keyspace" */ = {
			isa = XCConfigurationList;
			buildConfigurations = (
				1DEB928A08733DD80010E9CD /* Debug */,
				1DEB928B08733DD80010E9CD /* Release */,
			);
			defaultConfigurationIsVisible = 0;
			defaultConfigurationName = Release;
		};
		54460CD90F51990600EFBBDE /* Build configuration list for PBXNativeTarget "AsyncDBTest" */ = {
			isa = XCConfigurationList;
			buildConfigurations = (
				54460CD60F5198E800EFBBDE /* Debug */,
				54460CD70F5198E800EFBBDE /* Release */,
			);
			defaultConfigurationIsVisible = 0;
			defaultConfigurationName = Release;
		};
		9A27231D0F5F9BBF00EE25E2 /* Build configuration list for PBXNativeTarget "TableVisitorTest" */ = {
			isa = XCConfigurationList;
			buildConfigurations = (
				9A2723190F5F9BA100EE25E2 /* Debug */,
				9A27231A0F5F9BA100EE25E2 /* Release */,
			);
			defaultConfigurationIsVisible = 0;
			defaultConfigurationName = Release;
		};
		9A27242E0F65482D00EE25E2 /* Build configuration list for PBXNativeTarget "Test.agazso" */ = {
			isa = XCConfigurationList;
			buildConfigurations = (
				9A27242C0F65480F00EE25E2 /* Debug */,
				9A27242D0F65480F00EE25E2 /* Release */,
			);
			defaultConfigurationIsVisible = 0;
			defaultConfigurationName = Release;
		};
		9A27251E0F65AA5300EE25E2 /* Build configuration list for PBXNativeTarget "HubSim" */ = {
			isa = XCConfigurationList;
			buildConfigurations = (
				9A27251A0F65AA4100EE25E2 /* Debug */,
				9A27251B0F65AA4100EE25E2 /* Release */,
			);
			defaultConfigurationIsVisible = 0;
			defaultConfigurationName = Release;
		};
		9ADC984C0F7C00B50025A7AB /* Build configuration list for PBXNativeTarget "QueueTest" */ = {
			isa = XCConfigurationList;
			buildConfigurations = (
				9ADC984A0F7C00970025A7AB /* Debug */,
				9ADC984B0F7C00970025A7AB /* Release */,
			);
			defaultConfigurationIsVisible = 0;
			defaultConfigurationName = Release;
		};
		9ADCA0520F82D83B0025A7AB /* Build configuration list for PBXNativeTarget "Kdbfs" */ = {
			isa = XCConfigurationList;
			buildConfigurations = (
				9ADCA04D0F82D7CA0025A7AB /* Debug */,
				9ADCA04E0F82D7CA0025A7AB /* Release */,
			);
			defaultConfigurationIsVisible = 0;
			defaultConfigurationName = Release;
		};
		9AF501F90F8822B700F7F49E /* Build configuration list for PBXNativeTarget "BDBTool" */ = {
			isa = XCConfigurationList;
			buildConfigurations = (
				9AF501F70F88229900F7F49E /* Debug */,
				9AF501F80F88229900F7F49E /* Release */,
			);
			defaultConfigurationIsVisible = 0;
			defaultConfigurationName = Release;
		};
/* End XCConfigurationList section */
	};
	rootObject = 08FB7793FE84155DC02AAC07 /* Project object */;
}
