
Microsoft Visual Studio Solution File, Format Version 9.00
# Visual C++ Express 2005
Project("{8BC9CEB8-8B4A-11D0-8D11-00A0C91BC942}") = "Keyspace", "Keyspace.vcproj", "{71C21FF8-1C74-4835-BBEC-45E40EF9C561}"
EndProject
Global
	GlobalSection(SolutionConfigurationPlatforms) = preSolution
		Debug|Win32 = Debug|Win32
		Release|Win32 = Release|Win32
	EndGlobalSection
	GlobalSection(ProjectConfigurationPlatforms) = postSolution
		{71C21FF8-1C74-4835-BBEC-45E40EF9C561}.Debug|Win32.ActiveCfg = Debug|Win32
		{71C21FF8-1C74-4835-BBEC-45E40EF9C561}.Debug|Win32.Build.0 = Debug|Win32
		{71C21FF8-1C74-4835-BBEC-45E40EF9C561}.Release|Win32.ActiveCfg = Release|Win32
		{71C21FF8-1C74-4835-BBEC-45E40EF9C561}.Release|Win32.Build.0 = Release|Win32
	EndGlobalSection
	GlobalSection(SolutionProperties) = preSolution
		HideSolutionNode = FALSE
	EndGlobalSection
EndGlobal
